github.com/GehirnInc/crypt v0.0.0-20230320061759-8cc1b52080c5 h1:IEjq88XO4PuBDcvmjQJcQGg+w+UaafSy8G5Kcb5tBhI=
github.com/GehirnInc/crypt v0.0.0-20230320061759-8cc1b52080c5/go.mod h1:exZ0C/1emQJAw5tHOaUDyY1ycttqBAPcxuzf7QbY6ec=
github.com/KimMachineGun/automemlimit v0.7.1 h1:QcG/0iCOLChjfUweIMC3YL5Xy9C3VBeNmCZHrZfJMBw=
github.com/KimMachineGun/automemlimit v0.7.1/go.mod h1:QZxpHaGOQoYvFhv/r4u3U0JTC2ZcOwbSr11UZF46UBM=
github.com/asaskevich/govalidator v0.0.0-20230301143203-a9d515a09cc2 h1:DklsrG3dyBCFEj5IhUbnKptjxatkF07cF2ak3yi77so=
github.com/asaskevich/govalidator v0.0.0-20230301143203-a9d515a09cc2/go.mod h1:WaHUgvxTVq04UNunO+XhnAqY/wQc+bxr74GqbsZ/Jqw=
github.com/aws/aws-sdk-go-v2 v1.36.3 h1:mJoei2CxPutQVxaATCzDUjcZEjVRdpsiiXi2o38yqWM=
github.com/aws/aws-sdk-go-v2 v1.36.3/go.mod h1:LLXuLpgzEbD766Z5ECcRmi8AzSwfZItDtmABVkRLGzg=
github.com/aws/aws-sdk-go-v2/config v1.29.9 h1:Kg+fAYNaJeGXp1vmjtidss8O2uXIsXwaRqsQJKXVr+0=
github.com/aws/aws-sdk-go-v2/config v1.29.9/go.mod h1:oU3jj2O53kgOU4TXq/yipt6ryiooYjlkqqVaZk7gY/U=
github.com/aws/aws-sdk-go-v2/credentials v1.17.62 h1:fvtQY3zFzYJ9CfixuAQ96IxDrBajbBWGqjNTCa79ocU=
github.com/aws/aws-sdk-go-v2/credentials v1.17.62/go.mod h1:ElETBxIQqcxej++Cs8GyPBbgMys5DgQPTwo7cUPDKt8=
github.com/aws/aws-sdk-go-v2/feature/ec2/imds v1.16.30 h1:x793wxmUWVDhshP8WW2mlnXuFrO4cOd3HLBroh1paFw=
github.com/aws/aws-sdk-go-v2/feature/ec2/imds v1.16.30/go.mod h1:Jpne2tDnYiFascUEs2AWHJL9Yp7A5ZVy3TNyxaAjD6M=
github.com/aws/aws-sdk-go-v2/internal/configsources v1.3.34 h1:ZK5jHhnrioRkUNOc+hOgQKlUL5JeC3S6JgLxtQ+Rm0Q=
github.com/aws/aws-sdk-go-v2/internal/configsources v1.3.34/go.mod h1:p4VfIceZokChbA9FzMbRGz5OV+lekcVtHlPKEO0gSZY=
github.com/aws/aws-sdk-go-v2/internal/endpoints/v2 v2.6.34 h1:SZwFm17ZUNNg5Np0ioo/gq8Mn6u9w19Mri8DnJ15Jf0=
github.com/aws/aws-sdk-go-v2/internal/endpoints/v2 v2.6.34/go.mod h1:dFZsC0BLo346mvKQLWmoJxT+Sjp+qcVR1tRVHQGOH9Q=
github.com/aws/aws-sdk-go-v2/internal/ini v1.8.3 h1:bIqFDwgGXXN1Kpp99pDOdKMTTb5d2KyU5X/BZxjOkRo=
github.com/aws/aws-sdk-go-v2/internal/ini v1.8.3/go.mod h1:H5O/EsxDWyU+LP/V8i5sm8cxoZgc2fdNR9bxlOFrQTo=
github.com/aws/aws-sdk-go-v2/service/autoscaling v1.52.1 h1:wj4AION3NjQvjOiI8wm+TVU8y+8EsTl7fSgJAzk9cgc=
github.com/aws/aws-sdk-go-v2/service/autoscaling v1.52.1/go.mod h1:CDqMoc3KRdZJ8qziW96J35lKH01Wq3B2aihtHj2JbRs=
github.com/aws/aws-sdk-go-v2/service/ec2 v1.207.1 h1:yIbrcRq0nKF75IlSiUlo4g/Qe3RzGBdDCR+WRZLf5IE=
github.com/aws/aws-sdk-go-v2/service/ec2 v1.207.1/go.mod h1:ouvGEfHbLaIlWwpDpOVWPWR+YwO0HDv3vm5tYLq8ImY=
github.com/aws/aws-sdk-go-v2/service/internal/accept-encoding v1.12.3 h1:eAh2A4b5IzM/lum78bZ590jy36+d/aFLgKF/4Vd1xPE=
github.com/aws/aws-sdk-go-v2/service/internal/accept-encoding v1.12.3/go.mod h1:0yKJC/kb8sAnmlYa6Zs3QVYqaC8ug2AbnNChv5Ox3uA=
github.com/aws/aws-sdk-go-v2/service/internal/presigned-url v1.12.15 h1:dM9/92u2F1JbDaGooxTq18wmmFzbJRfXfVfy96/1CXM=
github.com/aws/aws-sdk-go-v2/service/internal/presigned-url v1.12.15/go.mod h1:SwFBy2vjtA0vZbjjaFtfN045boopadnoVPhu4Fv66vY=
github.com/aws/aws-sdk-go-v2/service/sso v1.25.1 h1:8JdC7Gr9NROg1Rusk25IcZeTO59zLxsKgE0gkh5O6h0=
github.com/aws/aws-sdk-go-v2/service/sso v1.25.1/go.mod h1:qs4a9T5EMLl/Cajiw2TcbNt2UNo/Hqlyp+GiuG4CFDI=
github.com/aws/aws-sdk-go-v2/service/ssooidc v1.29.1 h1:KwuLovgQPcdjNMfFt9OhUd9a2OwcOKhxfvF4glTzLuA=
github.com/aws/aws-sdk-go-v2/service/ssooidc v1.29.1/go.mod h1:MlYRNmYu/fGPoxBQVvBYr9nyr948aY/WLUvwBMBJubs=
github.com/aws/aws-sdk-go-v2/service/sts v1.33.17 h1:PZV5W8yk4OtH1JAuhV2PXwwO9v5G5Aoj+eMCn4T+1Kc=
github.com/aws/aws-sdk-go-v2/service/sts v1.33.17/go.mod h1:cQnB8CUnxbMU82JvlqjKR2HBOm3fe9pWorWBza6MBJ4=
github.com/aws/smithy-go v1.22.3 h1:Z//5NuZCSW6R4PhQ93hShNbyBbn8BWCmCVCt+Q8Io5k=
github.com/aws/smithy-go v1.22.3/go.mod h1:t1ufH5HMublsJYulve2RKmHDC15xu1f26kHCp/HgceI=
github.com/cenk/backoff v2.2.1+incompatible h1:djdFT7f4gF2ttuzRKPbMOWgZajgesItGLwG5FTQKmmE=
github.com/cenk/backoff v2.2.1+incompatible/go.mod h1:7FtoeaSnHoZnmZzz47cM35Y9nSW7tNyaidugnHTaFDE=
github.com/creack/pty v1.1.9/go.mod h1:oKZEueFk5CKHvIhNR5MUki03XCEU+Q6VDXinZuGJ33E=
github.com/davecgh/go-spew v1.1.0/go.mod h1:J7Y8YcW2NihsgmVo/mv3lAwl/skON4iLHjSsI+c5H38=
github.com/davecgh/go-spew v1.1.1 h1:vj9j/u1bqnvCEfJOwUhtlOARqs3+rkHYY13jYWTU97c=
github.com/davecgh/go-spew v1.1.1/go.mod h1:J7Y8YcW2NihsgmVo/mv3lAwl/skON4iLHjSsI+c5H38=
github.com/docker/go-units v0.5.0 h1:69rxXcBk27SvSaaxTtLh/8llcHD8vYHT7WSdRZ/jvr4=
github.com/docker/go-units v0.5.0/go.mod h1:fgPhTUdO+D/Jk86RDLlptpiXQzgHJF7gydDDbaIK4Dk=
github.com/dustinkirkland/golang-petname v0.0.0-20240428194347-eebcea082ee0 h1:aYo8nnk3ojoQkP5iErif5Xxv0Mo0Ga/FR5+ffl/7+Nk=
github.com/dustinkirkland/golang-petname v0.0.0-20240428194347-eebcea082ee0/go.mod h1:8AuBTZBRSFqEYBPYULd+NN474/zZBLP+6WeT5S9xlAc=
github.com/facebookgo/clock v0.0.0-20150410010913-600d898af40a h1:yDWHCSQ40h88yih2JAcL6Ls/kVkSE8GFACTGVnMPruw=
github.com/facebookgo/clock v0.0.0-20150410010913-600d898af40a/go.mod h1:7Ga40egUymuWXxAe151lTNnCv97MddSOVsjpPPkityA=
github.com/fsnotify/fsnotify v1.8.0 h1:dAwr6QBTBZIkG8roQaJjGof0pp0EeF+tNV7YBP3F/8M=
github.com/fsnotify/fsnotify v1.8.0/go.mod h1:8jBTzvmWwFyi3Pb8djgCCO5IBqzKJ/Jwo8TRcHyHii0=
github.com/getkin/kin-openapi v0.129.0 h1:QGYTNcmyP5X0AtFQ2Dkou9DGBJsUETeLH9rFrJXZh30=
github.com/getkin/kin-openapi v0.129.0/go.mod h1:gmWI+b/J45xqpyK5wJmRRZse5wefA5H0RDMK46kLUtI=
github.com/go-faker/faker/v4 v4.6.0 h1:6aOPzNptRiDwD14HuAnEtlTa+D1IfFuEHO8+vEFwjTs=
github.com/go-faker/faker/v4 v4.6.0/go.mod h1:ZmrHuVtTTm2Em9e0Du6CJ9CADaLEzGXW62z1YqFH0m0=
github.com/go-ole/go-ole v1.2.6/go.mod h1:pprOEPIfldk/42T2oK7lQ4v4JSDwmV0As9GaiUsvbm0=
github.com/go-ole/go-ole v1.3.0 h1:Dt6ye7+vXGIKZ7Xtk4s6/xVdGDQynvom7xCFEdWr6uE=
github.com/go-ole/go-ole v1.3.0/go.mod h1:5LS6F96DhAwUc7C+1HLexzMXY1xGRSryjyPPKW6zv78=
github.com/go-openapi/analysis v0.23.0 h1:aGday7OWupfMs+LbmLZG4k0MYXIANxcuBTYUC03zFCU=
github.com/go-openapi/analysis v0.23.0/go.mod h1:9mz9ZWaSlV8TvjQHLl2mUW2PbZtemkE8yA5v22ohupo=
github.com/go-openapi/errors v0.22.0 h1:c4xY/OLxUBSTiepAg3j/MHuAv5mJhnf53LLMWFB+u/w=
github.com/go-openapi/errors v0.22.0/go.mod h1:J3DmZScxCDufmIMsdOuDHxJbdOGC0xtUynjIx092vXE=
github.com/go-openapi/jsonpointer v0.21.0 h1:YgdVicSA9vH5RiHs9TZW5oyafXZFc6+2Vc1rr/O9oNQ=
github.com/go-openapi/jsonpointer v0.21.0/go.mod h1:IUyH9l/+uyhIYQ/PXVA41Rexl+kOkAPDdXEYns6fzUY=
github.com/go-openapi/jsonreference v0.21.0 h1:Rs+Y7hSXT83Jacb7kFyjn4ijOuVGSvOdF2+tg1TRrwQ=
github.com/go-openapi/jsonreference v0.21.0/go.mod h1:LmZmgsrTkVg9LG4EaHeY8cBDslNPMo06cago5JNLkm4=
github.com/go-openapi/loads v0.22.0 h1:ECPGd4jX1U6NApCGG1We+uEozOAvXvJSF4nnwHZ8Aco=
github.com/go-openapi/loads v0.22.0/go.mod h1:yLsaTCS92mnSAZX5WWoxszLj0u+Ojl+Zs5Stn1oF+rs=
github.com/go-openapi/runtime v0.28.0 h1:gpPPmWSNGo214l6n8hzdXYhPuJcGtziTOgUpvsFWGIQ=
github.com/go-openapi/runtime v0.28.0/go.mod h1:QN7OzcS+XuYmkQLw05akXk0jRH/eZ3kb18+1KwW9gyc=
github.com/go-openapi/spec v0.21.0 h1:LTVzPc3p/RzRnkQqLRndbAzjY0d0BCL72A6j3CdL9ZY=
github.com/go-openapi/spec v0.21.0/go.mod h1:78u6VdPw81XU44qEWGhtr982gJ5BWg2c0I5XwVMotYk=
github.com/go-openapi/strfmt v0.23.0 h1:nlUS6BCqcnAk0pyhi9Y+kdDVZdZMHfEKQiS4HaMgO/c=
github.com/go-openapi/strfmt v0.23.0/go.mod h1:NrtIpfKtWIygRkKVsxh7XQMDQW5HKQl6S5ik2elW+K4=
github.com/go-openapi/swag v0.23.0 h1:vsEVJDUo2hPJ2tu0/Xc+4noaxyEffXNIs3cOULZ+GrE=
github.com/go-openapi/swag v0.23.0/go.mod h1:esZ8ITTYEsH1V2trKHjAN8Ai7xHb8RV+YSZ577vPjgQ=
github.com/go-openapi/validate v0.24.0 h1:LdfDKwNbpB6Vn40xhTdNZAnfLECL81w+VX3BumrGD58=
github.com/go-openapi/validate v0.24.0/go.mod h1:iyeX1sEufmv3nPbBdX3ieNviWnOZaJ1+zquzJEf2BAQ=
github.com/go-test/deep v1.0.8 h1:TDsG77qcSprGbC6vTN8OuXp5g+J+b5Pcguhf7Zt61VM=
github.com/go-test/deep v1.0.8/go.mod h1:5C2ZWiW0ErCdrYzpqxLbTX7MG14M9iiw8DgHncVwcsE=
github.com/gofrs/flock v0.12.1 h1:MTLVXXHf8ekldpJk3AKicLij9MdwOWkZ+a/jHHZby9E=
github.com/gofrs/flock v0.12.1/go.mod h1:9zxTsyu5xtJ9DK+1tFZyibEV7y3uwDxPPfbxeeHCoD0=
github.com/google/go-cmp v0.7.0 h1:wk8382ETsv4JYUZwIsn6YpYiWiBsYLSJiTsyBybVuN8=
github.com/google/go-cmp v0.7.0/go.mod h1:pXiqmnSA92OHEEa9HXL2W4E7lf9JzCmGVUdgjX3N/iU=
github.com/google/gofuzz v1.0.0/go.mod h1:dBl0BpW6vV/+mYPU4Po3pmUjxk6FQPldtuIdl/M65Eg=
github.com/google/renameio v1.0.1 h1:Lh/jXZmvZxb0BBeSY5VKEfidcbcbenKjZFzM/q0fSeU=
github.com/google/renameio v1.0.1/go.mod h1:t/HQoYBZSsWSNK35C6CO/TpPLDVWvxOHboWUAweKUpk=
github.com/google/uuid v1.6.0 h1:NIvaJDMOsjHA8n1jAhLSgzrAzy1Hgr+hNrb57e+94F0=
github.com/google/uuid v1.6.0/go.mod h1:TIyPZe4MgqvfeYDBFedMoGGpEw/LqOeaOT+nhxU+yHo=
github.com/haproxytech/client-native/v5 v5.1.9 h1:D+JvMsRHCewn+r+FJpzf3QUu2yHwGuV+s6IuJlajxYE=
github.com/haproxytech/client-native/v5 v5.1.9/go.mod h1:rSJ7gT0vpZqNYdZQwzttLC4doOyoTL+B68F7cDjELNQ=
github.com/haproxytech/client-native/v6 v6.0.13 h1:4rgiIwvbsCgsSv6fe949kbS0ctEh6Pj4UVOyfsM9p0g=
github.com/haproxytech/client-native/v6 v6.0.13/go.mod h1:MjijWYQ7iw0KggDTTGFkek5P8w428wUnFrhobvoFbE4=
github.com/haproxytech/go-logger v1.1.0 h1:HgGtYaI1ApkvbQdsm7f9AzQQoxTB7w37criTflh7IQE=
github.com/haproxytech/go-logger v1.1.0/go.mod h1:OekUd8HCb7ubxMplzHUPBTHNxZmddOWfOjWclZsqIeM=
github.com/jessevdk/go-flags v1.6.1 h1:Cvu5U8UGrLay1rZfv/zP7iLpSHGUZ/Ou68T0iX1bBK4=
github.com/jessevdk/go-flags v1.6.1/go.mod h1:Mk8T1hIAWpOiJiHa9rJASDK2UGWji0EuPGBnNLMooyc=
github.com/joho/godotenv v1.5.1 h1:7eLL/+HRGLY0ldzfGMeQkb7vMd0as4CfYvUVzLqw0N0=
github.com/joho/godotenv v1.5.1/go.mod h1:f4LDr5Voq0i2e/R5DDNOoa2zzDfwtkZa6DnEwAbqwq4=
github.com/josharian/intern v1.0.0 h1:vlS4z54oSdjm0bgjRigI+G1HpF+tI+9rE5LLzOg8HmY=
github.com/josharian/intern v1.0.0/go.mod h1:5DoeVV0s6jJacbCEi61lwdGj/aVlrQvzHFFd8Hwg//Y=
github.com/json-iterator/go v1.1.12 h1:PV8peI4a0ysnczrg+LtxykD8LfKY9ML6u2jnxaEnrnM=
github.com/json-iterator/go v1.1.12/go.mod h1:e30LSqwooZae/UwlEbR2852Gd8hjQvJoHmT4TnhNGBo=
github.com/kballard/go-shellquote v0.0.0-20180428030007-95032a82bc51 h1:Z9n2FFNUXsshfwJMBgNA0RU6/i7WVaAegv3PtuIHPMs=
github.com/kballard/go-shellquote v0.0.0-20180428030007-95032a82bc51/go.mod h1:CzGEWj7cYgsdH8dAjBGEr58BoE7ScuLd+fwFZ44+/x8=
github.com/kr/pretty v0.3.1 h1:flRD4NNwYAUpkphVc1HcthR4KEIFJ65n8Mw5qdRn3LE=
github.com/kr/pretty v0.3.1/go.mod h1:hoEshYVHaxMs3cyo3Yncou5ZscifuDolrwPKZanG3xk=
github.com/kr/text v0.2.0 h1:5Nx0Ya0ZqY2ygV366QzturHI13Jq95ApcVaJBhpS+AY=
github.com/kr/text v0.2.0/go.mod h1:eLer722TekiGuMkidMxC/pM04lWEeraHUUmBw8l2grE=
github.com/lestrrat-go/apache-logformat v0.0.0-20210106032603-24d066f940f8 h1:YTyb23TYmO5068vabZIrocTP6Ql1bX53Qhkf7IjYU08=
github.com/lestrrat-go/apache-logformat v0.0.0-20210106032603-24d066f940f8/go.mod h1:thy9OlWY26pQu7tUAL5Ox9HV/sZzlSwx/AW43yO4lSg=
github.com/lestrrat-go/envload v0.0.0-20180220234015-a3eb8ddeffcc h1:RKf14vYWi2ttpEmkA4aQ3j4u9dStX2t4M8UM6qqNsG8=
github.com/lestrrat-go/envload v0.0.0-20180220234015-a3eb8ddeffcc/go.mod h1:kopuH9ugFRkIXf3YoqHKyrJ9YfUFsckUU9S7B+XP+is=
github.com/lestrrat-go/strftime v0.0.0-20180821113735-8b31f9c59b0f/go.mod h1:RMlXygAD3c48Psmr06d2G75L4E4xxzxkIe/+ppX9eAU=
github.com/lestrrat-go/strftime v1.1.0 h1:gMESpZy44/4pXLO/m+sL0yBd1W6LjgjrrD4a68Gapyg=
github.com/lestrrat-go/strftime v1.1.0/go.mod h1:uzeIB52CeUJenCo1syghlugshMysrqUT51HlxphXVeI=
github.com/mailru/easyjson v0.9.0 h1:PrnmzHw7262yW8sTBwxi1PdJA3Iw/EKBa8psRf7d9a4=
github.com/mailru/easyjson v0.9.0/go.mod h1:1+xMtQp2MRNVL/V1bOzuP3aP8VNwRW55fQUto+XFtTU=
github.com/maruel/panicparse/v2 v2.4.0 h1:yQKMIbQ0DKfinzVkTkcUzQyQ60UCiNnYfR7PWwTs2VI=
github.com/maruel/panicparse/v2 v2.4.0/go.mod h1:nOY2OKe8csO3F3SA5+hsxot05JLgukrF54B9x88fVp4=
github.com/mitchellh/mapstructure v1.5.0 h1:jeMsZIYE/09sWLaz43PL7Gy6RuMjD2eJVyuac5Z2hdY=
github.com/mitchellh/mapstructure v1.5.0/go.mod h1:bFUtVrKA4DC2yAKiSyO/QUcy7e+RRV2QTWOzhPopBRo=
github.com/modern-go/concurrent v0.0.0-20180228061459-e0a39a4cb421/go.mod h1:6dJC0mAP4ikYIbvyc7fijjWJddQyLn8Ig3JB5CqoB9Q=
github.com/modern-go/concurrent v0.0.0-20180306012644-bacd9c7ef1dd h1:TRLaZ9cD/w8PVh93nsPXa1VrQ6jlwL5oN8l14QlcNfg=
github.com/modern-go/concurrent v0.0.0-20180306012644-bacd9c7ef1dd/go.mod h1:6dJC0mAP4ikYIbvyc7fijjWJddQyLn8Ig3JB5CqoB9Q=
github.com/modern-go/reflect2 v1.0.2 h1:xBagoLtFs94CBntxluKeaWgTMpvLxC4ur3nMaC9Gz0M=
github.com/modern-go/reflect2 v1.0.2/go.mod h1:yWuevngMOJpCy52FWWMvUC8ws7m/LJsjYzDa0/r8luk=
github.com/mohae/deepcopy v0.0.0-20170929034955-c48cc78d4826 h1:RWengNIwukTxcDr9M+97sNutRR1RKhG96O6jWumTTnw=
github.com/mohae/deepcopy v0.0.0-20170929034955-c48cc78d4826/go.mod h1:TaXosZuwdSHYgviHp1DAtfrULt5eUgsSMsZf+YrPgl8=
github.com/nathanaelle/syslog5424/v2 v2.0.5 h1:oLVYQmKnv3nlnmvlbBWM+iWl9AONcU+tuxIL0fjko5A=
github.com/nathanaelle/syslog5424/v2 v2.0.5/go.mod h1:f9MvsGkLOtYh2VzLT4Pjuwx3+Xv2EogxJNda+HLPDus=
github.com/oasdiff/yaml v0.0.0-20241214135536-5f7845c759c8 h1:9djga8U4+/TQzv5iMlZHZ/qbGQB9V2nlnk2bmiG+uBs=
github.com/oasdiff/yaml v0.0.0-20241214135536-5f7845c759c8/go.mod h1:7tFDb+Y51LcDpn26GccuUgQXUk6t0CXZsivKjyimYX8=
github.com/oasdiff/yaml3 v0.0.0-20241214160948-977117996672 h1:+273wgr7to5QhwOOBE5LwjdNDFAI+8cbJVfB0Zj75aI=
github.com/oasdiff/yaml3 v0.0.0-20241214160948-977117996672/go.mod h1:y5+oSEHCPT/DGrS++Wc/479ERge0zTFxaF8PbGKcg2o=
github.com/oklog/ulid v1.3.1 h1:EGfNDEx6MqHz8B3uNV6QAib1UR2Lm97sHi3ocA6ESJ4=
github.com/oklog/ulid v1.3.1/go.mod h1:CirwcVhetQ6Lv90oh/F+FBtV6XMibvdAFo93nm5qn4U=
github.com/pbnjay/memory v0.0.0-20210728143218-7b4eea64cf58 h1:onHthvaw9LFnH4t2DcNVpwGmV9E1BkGknEliJkfwQj0=
github.com/pbnjay/memory v0.0.0-20210728143218-7b4eea64cf58/go.mod h1:DXv8WO4yhMYhSNPKjeNKa5WY9YCIEBRbNzFFPJbWO6Y=
github.com/perimeterx/marshmallow v1.1.5 h1:a2LALqQ1BlHM8PZblsDdidgv1mWi1DgC2UmX50IvK2s=
github.com/perimeterx/marshmallow v1.1.5/go.mod h1:dsXbUu8CRzfYP5a87xpp0xq9S3u0Vchtcl8we9tYaXw=
github.com/peterbourgon/g2s v0.0.0-20170223122336-d4e7ad98afea h1:sKwxy1H95npauwu8vtF95vG/syrL0p8fSZo/XlDg5gk=
github.com/peterbourgon/g2s v0.0.0-20170223122336-d4e7ad98afea/go.mod h1:1VcHEd3ro4QMoHfiNl/j7Jkln9+KQuorp0PItHMJYNg=
github.com/pkg/diff v0.0.0-20210226163009-20ebb0f2a09e/go.mod h1:pJLUxLENpZxwdsKMEsNbx1VGcRFpLqf3715MtcvvzbA=
github.com/pkg/errors v0.8.1/go.mod h1:bwawxfHBFNV+L2hUp1rHADufV3IMtnDRdf1r5NINEl0=
github.com/pkg/errors v0.9.1 h1:FEBLx1zS214owpjy7qsBeixbURkuhQAwrK5UwLGTwt4=
github.com/pkg/errors v0.9.1/go.mod h1:bwawxfHBFNV+L2hUp1rHADufV3IMtnDRdf1r5NINEl0=
github.com/pmezard/go-difflib v1.0.0 h1:4DBwDE0NGyQoBHbLQYPwSUPoCMWR5BEzIk/f1lZbAQM=
github.com/pmezard/go-difflib v1.0.0/go.mod h1:iKH77koFhYxTK1pcRnkKkqfTogsbg7gZNVY4sRDYZ/4=
github.com/prashantv/gostub v1.1.0 h1:BTyx3RfQjRHnUWaGF9oQos79AlQ5k8WNktv7VGvVH4g=
github.com/prashantv/gostub v1.1.0/go.mod h1:A5zLQHz7ieHGG7is6LLXLz7I8+3LZzsrV0P1IAHhP5U=
github.com/rogpeppe/go-internal v1.9.0/go.mod h1:WtVeX8xhTBvf0smdhujwtBcq4Qrzq/fJaraNFVN+nFs=
github.com/rogpeppe/go-internal v1.14.1 h1:UQB4HGPB6osV0SQTLymcB4TgvyWu6ZyliaW0tI/otEQ=
github.com/rogpeppe/go-internal v1.14.1/go.mod h1:MaRKkUm5W0goXpeCfT7UZI6fk/L7L7so1lCWt35ZSgc=
github.com/rs/cors v1.11.1 h1:eU3gRzXLRK57F5rKMGMZURNdIG4EoAmX8k94r9wXWHA=
github.com/rs/cors v1.11.1/go.mod h1:XyqrcTp5zjWr1wsJ8PIRZssZ8b/WMcMf71DJnit4EMU=
github.com/rubyist/circuitbreaker v2.2.1+incompatible h1:KUKd/pV8Geg77+8LNDwdow6rVCAYOp8+kHUyFvL6Mhk=
github.com/rubyist/circuitbreaker v2.2.1+incompatible/go.mod h1:Ycs3JgJADPuzJDwffe12k6BZT8hxVi6lFK+gWYJLN4A=
github.com/shirou/gopsutil v3.21.11+incompatible h1:+1+c1VGhc88SSonWP6foOcLhvnKlUeu/erjjvaPEYiI=
github.com/shirou/gopsutil v3.21.11+incompatible/go.mod h1:5b4v6he4MtMOwMlS0TUMTu2PcXUg8+E1lC7eC3UO/RA=
github.com/sirupsen/logrus v1.9.3 h1:dueUQJ1C2q9oE3F7wvmSGAaVtTmUizReu6fjN8uqzbQ=
github.com/sirupsen/logrus v1.9.3/go.mod h1:naHLuLoDiP4jHNo9R0sCBMtWGeIprob74mVsIT4qYEQ=
github.com/stretchr/objx v0.1.0/go.mod h1:HFkY916IF+rwdDfMAkV7OtwuqBVzrE8GR6GFx+wExME=
github.com/stretchr/testify v1.3.0/go.mod h1:M5WIy9Dh21IEIfnGCwXGc5bZfKNJtfHm1UVUgZn+9EI=
github.com/stretchr/testify v1.7.0/go.mod h1:6Fq8oRcR53rry900zMqJjRRixrwX3KX962/h/Wwjteg=
github.com/stretchr/testify v1.10.0 h1:Xv5erBjTwe/5IxqUQTdXv5kgmIvbHo3QQyRwhJsOfJA=
github.com/stretchr/testify v1.10.0/go.mod h1:r2ic/lqez/lEtzL7wO/rwa5dbSLXVDPFyf8C91i36aY=
github.com/tklauser/go-sysconf v0.3.14 h1:g5vzr9iPFFz24v2KZXs/pvpvh8/V9Fw6vQK5ZZb78yU=
github.com/tklauser/go-sysconf v0.3.14/go.mod h1:1ym4lWMLUOhuBOPGtRcJm7tEGX4SCYNEEEtghGG/8uY=
github.com/tklauser/numcpus v0.9.0 h1:lmyCHtANi8aRUgkckBgoDk1nHCux3n2cgkJLXdQGPDo=
github.com/tklauser/numcpus v0.9.0/go.mod h1:SN6Nq1O3VychhC1npsWostA+oW+VOQTxZrS604NSRyI=
github.com/ugorji/go/codec v1.2.7 h1:YPXUKf7fYbp/y8xloBqZOw2qaVggbfwMlI8WM3wZUJ0=
github.com/ugorji/go/codec v1.2.7/go.mod h1:WGN1fab3R1fzQlVQTkfxVtIBhWDRqOviHU95kRgeqEY=
github.com/yusufpapurcu/wmi v1.2.4 h1:zFUKzehAFReQwLys1b/iSMl+JQGSCSjtVqQn9bBrPo0=
github.com/yusufpapurcu/wmi v1.2.4/go.mod h1:SBZ9tNy3G9/m5Oi98Zks0QjeHVDvuK0qfxQmPyzfmi0=
go.mongodb.org/mongo-driver v1.17.3 h1:TQyXhnsWfWtgAhMtOgtYHMTkZIfBTpMTsMnd9ZBeHxQ=
go.mongodb.org/mongo-driver v1.17.3/go.mod h1:Hy04i7O2kC4RS06ZrhPRqj/u4DTYkFDAAccj+rVKqgQ=
go.uber.org/automaxprocs v1.6.0 h1:O3y2/QNTOdbF+e/dpXNNW7Rx2hZ4sTIPyybbxyNqTUs=
go.uber.org/automaxprocs v1.6.0/go.mod h1:ifeIMSnPZuznNm6jmdzmU3/bfk01Fe2fotchwEFJ8r8=
golang.org/x/net v0.36.0 h1:vWF2fRbw4qslQsQzgFqZff+BItCvGFQqKzKIzx1rmoA=
golang.org/x/net v0.36.0/go.mod h1:bFmbeoIPfrw4sMHNhb4J9f6+tPziuGjq7Jk/38fxi1I=
golang.org/x/sync v0.12.0 h1:MHc5BpPuC30uJk597Ri8TV3CNZcTLu6B6z4lJy+g6Jw=
golang.org/x/sync v0.12.0/go.mod h1:1dzgHSNfp02xaA81J2MS99Qcpr2w7fw1gpm99rleRqA=
golang.org/x/sys v0.0.0-20190916202348-b4ddaad3f8a3/go.mod h1:h1NjWce9XRLGQEsW7wpKNCjG9DtNlClVuFLEZdDNbEs=
golang.org/x/sys v0.0.0-20220715151400-c0bba94af5f8/go.mod h1:oPkhp1MJrh7nUepCBck5+mAzfO9JrbApNNgaTdGDITg=
golang.org/x/sys v0.1.0/go.mod h1:oPkhp1MJrh7nUepCBck5+mAzfO9JrbApNNgaTdGDITg=
golang.org/x/sys v0.31.0 h1:ioabZlmFYtWhL+TRYpcnNlLwhyxaM9kWTDEmfnprqik=
golang.org/x/sys v0.31.0/go.mod h1:BJP2sWEmIv4KK5OTEluFJCKSidICx8ciO85XgH3Ak8k=
golang.org/x/text v0.23.0 h1:D71I7dUrlY+VX0gQShAThNGHFxZ13dGLBHQLVl1mJlY=
golang.org/x/text v0.23.0/go.mod h1:/BLNzu4aZCJ1+kcD0DNRotWKage4q2rGVAg4o22unh4=
gopkg.in/check.v1 v0.0.0-20161208181325-20d25e280405/go.mod h1:Co6ibVJAznAaIkqp8huTwlJQCZ016jof/cbN4VW5Yz0=
gopkg.in/check.v1 v1.0.0-20201130134442-10cb98267c6c h1:Hei/4ADfdWqJk1ZMxUNpqntNwaWcugrBjAiHlqqRiVk=
gopkg.in/check.v1 v1.0.0-20201130134442-10cb98267c6c/go.mod h1:JHkPIbrfpd72SG/EVd6muEfDQjcINNoR0C8j2r3qZ4Q=
gopkg.in/yaml.v2 v2.4.0 h1:D8xgwECY7CYvx+Y2n4sBz93Jn9JRvxdiyyo8CTfuKaY=
gopkg.in/yaml.v2 v2.4.0/go.mod h1:RDklbk79AGWmwhnvt/jBztapEOGDOx6ZbXqjP6csGnQ=
gopkg.in/yaml.v3 v3.0.0-20200313102051-9f266ea9e77c/go.mod h1:K4uyk7z7BCEPqu6E+C64Yfv1cQ7kz7rIZviUmN+EgEM=
gopkg.in/yaml.v3 v3.0.1 h1:fxVm/GzAzEWqLHuvctI91KS9hhNmmWOoWu0XTYJS7CA=
gopkg.in/yaml.v3 v3.0.1/go.mod h1:K4uyk7z7BCEPqu6E+C64Yfv1cQ7kz7rIZviUmN+EgEM=
