cloud.google.com/go v0.121.0 h1:pgfwva8nGw7vivjZiRfrmglGWiCJBP+0OmDpenG/Fwg=
cloud.google.com/go v0.121.0/go.mod h1:rS7Kytwheu/y9buoDmu5EIpMMCI4Mb8ND4aeN4Vwj7Q=
cloud.google.com/go/auth v0.16.1 h1:XrXauHMd30LhQYVRHLGvJiYeczweKQXZxsTbV9TiguU=
cloud.google.com/go/auth v0.16.1/go.mod h1:1howDHJ5IETh/LwYs3ZxvlkXF48aSqqJUM+5o02dNOI=
cloud.google.com/go/auth/oauth2adapt v0.2.8 h1:keo8NaayQZ6wimpNSmW5OPc283g65QNIiLpZnkHRbnc=
cloud.google.com/go/auth/oauth2adapt v0.2.8/go.mod h1:XQ9y31RkqZCcwJWNSx2Xvric3RrU88hAYYbjDWYDL+c=
cloud.google.com/go/compute/metadata v0.6.0 h1:A6hENjEsCDtC1k8byVsgwvVcioamEHvZ4j01OwKxG9I=
cloud.google.com/go/compute/metadata v0.6.0/go.mod h1:FjyFAW1MW0C203CEOMDTu3Dk1FlqW3Rga40jzHL4hfg=
github.com/Azure/azure-sdk-for-go/sdk/azcore v1.18.0 h1:Gt0j3wceWMwPmiazCa8MzMA0MfhmPIz0Qp0FJ6qcM0U=
github.com/Azure/azure-sdk-for-go/sdk/azcore v1.18.0/go.mod h1:Ot/6aikWnKWi4l9QB7qVSwa8iMphQNqkWALMoNT3rzM=
github.com/Azure/azure-sdk-for-go/sdk/azidentity v1.9.0 h1:OVoM452qUFBrX+URdH3VpR299ma4kfom0yB0URYky9g=
github.com/Azure/azure-sdk-for-go/sdk/azidentity v1.9.0/go.mod h1:kUjrAo8bgEwLeZ/CmHqNl3Z/kPm7y6FKfxxK0izYUg4=
github.com/Azure/azure-sdk-for-go/sdk/azidentity/cache v0.3.2 h1:yz1bePFlP5Vws5+8ez6T3HWXPmwOK7Yvq8QxDBD3SKY=
github.com/Azure/azure-sdk-for-go/sdk/azidentity/cache v0.3.2/go.mod h1:Pa9ZNPuoNu/GztvBSKk9J1cDJW6vk/n0zLtV4mgd8N8=
github.com/Azure/azure-sdk-for-go/sdk/internal v1.11.1 h1:FPKJS1T+clwv+OLGt13a8UjqeRuh0O4SJ3lUriThc+4=
github.com/Azure/azure-sdk-for-go/sdk/internal v1.11.1/go.mod h1:j2chePtV91HrC22tGoRX3sGY42uF13WzmmV80/OdVAA=
github.com/Azure/azure-sdk-for-go/sdk/resourcemanager/dns/armdns v1.2.0 h1:lpOxwrQ919lCZoNCd69rVt8u1eLZuMORrGXqy8sNf3c=
github.com/Azure/azure-sdk-for-go/sdk/resourcemanager/dns/armdns v1.2.0/go.mod h1:fSvRkb8d26z9dbL40Uf/OO6Vo9iExtZK3D0ulRV+8M0=
github.com/AzureAD/microsoft-authentication-extensions-for-go/cache v0.1.1 h1:WJTmL004Abzc5wDB5VtZG2PJk5ndYDgVacGqfirKxjM=
github.com/AzureAD/microsoft-authentication-extensions-for-go/cache v0.1.1/go.mod h1:tCcJZ0uHAmvjsVYzEFivsRTN00oz5BEsRgQHu5JZ9WE=
github.com/AzureAD/microsoft-authentication-library-for-go v1.4.2 h1:oygO0locgZJe7PpYPXT5A29ZkwJaPqcva7BVeemZOZs=
github.com/AzureAD/microsoft-authentication-library-for-go v1.4.2/go.mod h1:wP83P5OoQ5p6ip3ScPr0BAq0BvuPAvacpEuSzyouqAI=
github.com/GehirnInc/crypt v0.0.0-20230320061759-8cc1b52080c5 h1:IEjq88XO4PuBDcvmjQJcQGg+w+UaafSy8G5Kcb5tBhI=
github.com/GehirnInc/crypt v0.0.0-20230320061759-8cc1b52080c5/go.mod h1:exZ0C/1emQJAw5tHOaUDyY1ycttqBAPcxuzf7QbY6ec=
github.com/KimMachineGun/automemlimit v0.7.4 h1:UY7QYOIfrr3wjjOAqahFmC3IaQCLWvur9nmfIn6LnWk=
github.com/KimMachineGun/automemlimit v0.7.4/go.mod h1:QZxpHaGOQoYvFhv/r4u3U0JTC2ZcOwbSr11UZF46UBM=
github.com/Masterminds/semver v1.5.0 h1:H65muMkzWKEuNDnfl9d70GUjFniHKHRbFPGBuZ3QEww=
github.com/Masterminds/semver v1.5.0/go.mod h1:MB6lktGJrhw8PrUyiEoblNEGEQ+RzHPF078ddwwvV3Y=
github.com/aws/aws-sdk-go-v2 v1.39.2 h1:EJLg8IdbzgeD7xgvZ+I8M1e0fL0ptn/M47lianzth0I=
github.com/aws/aws-sdk-go-v2 v1.39.2/go.mod h1:sDioUELIUO9Znk23YVmIk86/9DOpkbyyVb1i/gUNFXY=
github.com/aws/aws-sdk-go-v2/config v1.31.12 h1:pYM1Qgy0dKZLHX2cXslNacbcEFMkDMl+Bcj5ROuS6p8=
github.com/aws/aws-sdk-go-v2/config v1.31.12/go.mod h1:/MM0dyD7KSDPR+39p9ZNVKaHDLb9qnfDurvVS2KAhN8=
github.com/aws/aws-sdk-go-v2/credentials v1.18.16 h1:4JHirI4zp958zC026Sm+V4pSDwW4pwLefKrc0bF2lwI=
github.com/aws/aws-sdk-go-v2/credentials v1.18.16/go.mod h1:qQMtGx9OSw7ty1yLclzLxXCRbrkjWAM7JnObZjmCB7I=
github.com/aws/aws-sdk-go-v2/feature/ec2/imds v1.18.9 h1:Mv4Bc0mWmv6oDuSWTKnk+wgeqPL5DRFu5bQL9BGPQ8Y=
github.com/aws/aws-sdk-go-v2/feature/ec2/imds v1.18.9/go.mod h1:IKlKfRppK2a1y0gy1yH6zD+yX5uplJ6UuPlgd48dJiQ=
github.com/aws/aws-sdk-go-v2/internal/configsources v1.4.9 h1:se2vOWGD3dWQUtfn4wEjRQJb1HK1XsNIt825gskZ970=
github.com/aws/aws-sdk-go-v2/internal/configsources v1.4.9/go.mod h1:hijCGH2VfbZQxqCDN7bwz/4dzxV+hkyhjawAtdPWKZA=
github.com/aws/aws-sdk-go-v2/internal/endpoints/v2 v2.7.9 h1:6RBnKZLkJM4hQ+kN6E7yWFveOTg8NLPHAkqrs4ZPlTU=
github.com/aws/aws-sdk-go-v2/internal/endpoints/v2 v2.7.9/go.mod h1:V9rQKRmK7AWuEsOMnHzKj8WyrIir1yUJbZxDuZLFvXI=
github.com/aws/aws-sdk-go-v2/internal/ini v1.8.3 h1:bIqFDwgGXXN1Kpp99pDOdKMTTb5d2KyU5X/BZxjOkRo=
github.com/aws/aws-sdk-go-v2/internal/ini v1.8.3/go.mod h1:H5O/EsxDWyU+LP/V8i5sm8cxoZgc2fdNR9bxlOFrQTo=
github.com/aws/aws-sdk-go-v2/service/autoscaling v1.56.0 h1:YO7rat493hVtpBExbcDPKdGzk9eYTtaUrwaFJSWAqLo=
github.com/aws/aws-sdk-go-v2/service/autoscaling v1.56.0/go.mod h1:6vrMqNnS2fpOfZ9tZmIGDWYGTio7+SJ18fql3IwoSBg=
github.com/aws/aws-sdk-go-v2/service/ec2 v1.254.1 h1:7p9bJCZ/b3EJXXARW7JMEs2IhsnI4YFHpfXQfgMh0eg=
github.com/aws/aws-sdk-go-v2/service/ec2 v1.254.1/go.mod h1:M8WWWIfXmxA4RgTXcI/5cSByxRqjgne32Sh0VIbrn0A=
github.com/aws/aws-sdk-go-v2/service/internal/accept-encoding v1.13.1 h1:oegbebPEMA/1Jny7kvwejowCaHz1FWZAQ94WXFNCyTM=
github.com/aws/aws-sdk-go-v2/service/internal/accept-encoding v1.13.1/go.mod h1:kemo5Myr9ac0U9JfSjMo9yHLtw+pECEHsFtJ9tqCEI8=
github.com/aws/aws-sdk-go-v2/service/internal/presigned-url v1.13.9 h1:5r34CgVOD4WZudeEKZ9/iKpiT6cM1JyEROpXjOcdWv8=
github.com/aws/aws-sdk-go-v2/service/internal/presigned-url v1.13.9/go.mod h1:dB12CEbNWPbzO2uC6QSWHteqOg4JfBVJOojbAoAUb5I=
github.com/aws/aws-sdk-go-v2/service/route53 v1.58.3 h1:jQzRC+0eI/l5mFXVoPTyyolrqyZtKIYaKHSuKJoIJKs=
github.com/aws/aws-sdk-go-v2/service/route53 v1.58.3/go.mod h1:1GNaojT/gG4Ru9tT39ton6kRZ3FvptJ/QRKBoqUOVX4=
github.com/aws/aws-sdk-go-v2/service/sso v1.29.6 h1:A1oRkiSQOWstGh61y4Wc/yQ04sqrQZr1Si/oAXj20/s=
github.com/aws/aws-sdk-go-v2/service/sso v1.29.6/go.mod h1:5PfYspyCU5Vw1wNPsxi15LZovOnULudOQuVxphSflQA=
github.com/aws/aws-sdk-go-v2/service/ssooidc v1.35.1 h1:5fm5RTONng73/QA73LhCNR7UT9RpFH3hR6HWL6bIgVY=
github.com/aws/aws-sdk-go-v2/service/ssooidc v1.35.1/go.mod h1:xBEjWD13h+6nq+z4AkqSfSvqRKFgDIQeaMguAJndOWo=
github.com/aws/aws-sdk-go-v2/service/sts v1.38.6 h1:p3jIvqYwUZgu/XYeI48bJxOhvm47hZb5HUQ0tn6Q9kA=
github.com/aws/aws-sdk-go-v2/service/sts v1.38.6/go.mod h1:WtKK+ppze5yKPkZ0XwqIVWD4beCwv056ZbPQNoeHqM8=
github.com/aws/smithy-go v1.23.0 h1:8n6I3gXzWJB2DxBDnfxgBaSX6oe0d/t10qGz7OKqMCE=
github.com/aws/smithy-go v1.23.0/go.mod h1:t1ufH5HMublsJYulve2RKmHDC15xu1f26kHCp/HgceI=
github.com/boombuler/barcode v1.0.1-0.20190219062509-6c824513bacc/go.mod h1:paBWMcWSl3LHKBqUq+rly7CNSldXjb2rDl3JlRe0mD8=
github.com/boombuler/barcode v1.0.1 h1:NDBbPmhS+EqABEs5Kg3n/5ZNjy73Pz7SIV+KCeqyXcs=
github.com/boombuler/barcode v1.0.1/go.mod h1:paBWMcWSl3LHKBqUq+rly7CNSldXjb2rDl3JlRe0mD8=
github.com/cenk/backoff v2.2.1+incompatible h1:djdFT7f4gF2ttuzRKPbMOWgZajgesItGLwG5FTQKmmE=
github.com/cenk/backoff v2.2.1+incompatible/go.mod h1:7FtoeaSnHoZnmZzz47cM35Y9nSW7tNyaidugnHTaFDE=
github.com/cespare/xxhash/v2 v2.3.0 h1:UL815xU9SqsFlibzuggzjXhog7bL6oX9BbNZnL2UFvs=
github.com/cespare/xxhash/v2 v2.3.0/go.mod h1:VGX0DQ3Q6kWi7AoAeZDth3/j3BFtOZR5XLFGgcrjCOs=
github.com/creack/pty v1.1.9/go.mod h1:oKZEueFk5CKHvIhNR5MUki03XCEU+Q6VDXinZuGJ33E=
github.com/davecgh/go-spew v1.1.0/go.mod h1:J7Y8YcW2NihsgmVo/mv3lAwl/skON4iLHjSsI+c5H38=
github.com/davecgh/go-spew v1.1.1 h1:vj9j/u1bqnvCEfJOwUhtlOARqs3+rkHYY13jYWTU97c=
github.com/davecgh/go-spew v1.1.1/go.mod h1:J7Y8YcW2NihsgmVo/mv3lAwl/skON4iLHjSsI+c5H38=
github.com/dgryski/go-rendezvous v0.0.0-20200823014737-9f7001d12a5f h1:lO4WD4F/rVNCu3HqELle0jiPLLBs70cWOduZpkS1E78=
github.com/dgryski/go-rendezvous v0.0.0-20200823014737-9f7001d12a5f/go.mod h1:cuUVRXasLTGF7a8hSLbxyZXjz+1KgoB3wDUb6vlszIc=
github.com/digitalocean/godo v1.148.0 h1:th91q+6bZY+Slgs9eZxBupa2+aUUYn1qT7gPICFmtPA=
github.com/digitalocean/godo v1.148.0/go.mod h1:tYeiWY5ZXVpU48YaFv0M5irUFHXGorZpDNm7zzdWMzM=
github.com/docker/go-units v0.5.0 h1:69rxXcBk27SvSaaxTtLh/8llcHD8vYHT7WSdRZ/jvr4=
github.com/docker/go-units v0.5.0/go.mod h1:fgPhTUdO+D/Jk86RDLlptpiXQzgHJF7gydDDbaIK4Dk=
github.com/dustinkirkland/golang-petname v0.0.0-20240428194347-eebcea082ee0 h1:aYo8nnk3ojoQkP5iErif5Xxv0Mo0Ga/FR5+ffl/7+Nk=
github.com/dustinkirkland/golang-petname v0.0.0-20240428194347-eebcea082ee0/go.mod h1:8AuBTZBRSFqEYBPYULd+NN474/zZBLP+6WeT5S9xlAc=
github.com/facebookgo/clock v0.0.0-20150410010913-600d898af40a h1:yDWHCSQ40h88yih2JAcL6Ls/kVkSE8GFACTGVnMPruw=
github.com/facebookgo/clock v0.0.0-20150410010913-600d898af40a/go.mod h1:7Ga40egUymuWXxAe151lTNnCv97MddSOVsjpPPkityA=
github.com/fatih/color v1.16.0 h1:zmkK9Ngbjj+K0yRhTVONQh1p/HknKYSlNT+vZCzyokM=
github.com/fatih/color v1.16.0/go.mod h1:fL2Sau1YI5c0pdGEVCbKQbLXB6edEj1ZgiY4NijnWvE=
github.com/felixge/httpsnoop v1.0.4 h1:NFTV2Zj1bL4mc9sqWACXbQFVBBg2W3GPvqp8/ESS2Wg=
github.com/felixge/httpsnoop v1.0.4/go.mod h1:m8KPJKqk1gH5J9DgRY2ASl2lWCfGKXixSwevea8zH2U=
github.com/fsnotify/fsnotify v1.9.0 h1:2Ml+OJNzbYCTzsxtv8vKSFD9PbJjmhYF14k/jKC7S9k=
github.com/fsnotify/fsnotify v1.9.0/go.mod h1:8jBTzvmWwFyi3Pb8djgCCO5IBqzKJ/Jwo8TRcHyHii0=
github.com/getkin/kin-openapi v0.133.0 h1:pJdmNohVIJ97r4AUFtEXRXwESr8b0bD721u/Tz6k8PQ=
github.com/getkin/kin-openapi v0.133.0/go.mod h1:boAciF6cXk5FhPqe/NQeBTeenbjqU4LhWBf09ILVvWE=
github.com/go-faker/faker/v4 v4.7.0 h1:VboC02cXHl/NuQh5lM2W8b87yp4iFXIu59x4w0RZi4E=
github.com/go-faker/faker/v4 v4.7.0/go.mod h1:u1dIRP5neLB6kTzgyVjdBOV5R1uP7BdxkcWk7tiKQXk=
github.com/go-logr/logr v1.2.2/go.mod h1:jdQByPbusPIv2/zmleS9BjJVeZ6kBagPoEUsqbVz/1A=
github.com/go-logr/logr v1.4.3 h1:CjnDlHq8ikf6E492q6eKboGOC0T8CDaOvkHCIg8idEI=
github.com/go-logr/logr v1.4.3/go.mod h1:9T104GzyrTigFIr8wt5mBrctHMim0Nb2HLGrmQ40KvY=
github.com/go-logr/stdr v1.2.2 h1:hSWxHoqTgW2S2qGc0LTAI563KZ5YKYRhT3MFKZMbjag=
github.com/go-logr/stdr v1.2.2/go.mod h1:mMo/vtBO5dYbehREoey6XUKy/eSumjCCveDpRre4VKE=
github.com/go-ole/go-ole v1.2.6/go.mod h1:pprOEPIfldk/42T2oK7lQ4v4JSDwmV0As9GaiUsvbm0=
github.com/go-ole/go-ole v1.3.0 h1:Dt6ye7+vXGIKZ7Xtk4s6/xVdGDQynvom7xCFEdWr6uE=
github.com/go-ole/go-ole v1.3.0/go.mod h1:5LS6F96DhAwUc7C+1HLexzMXY1xGRSryjyPPKW6zv78=
github.com/go-openapi/analysis v0.24.2 h1:6p7WXEuKy1llDgOH8FooVeO+Uq2za9qoAOq4ZN08B50=
github.com/go-openapi/analysis v0.24.2/go.mod h1:x27OOHKANE0lutg2ml4kzYLoHGMKgRm1Cj2ijVOjJuE=
github.com/go-openapi/errors v0.22.6 h1:eDxcf89O8odEnohIXwEjY1IB4ph5vmbUsBMsFNwXWPo=
github.com/go-openapi/errors v0.22.6/go.mod h1:z9S8ASTUqx7+CP1Q8dD8ewGH/1JWFFLX/2PmAYNQLgk=
github.com/go-openapi/jsonpointer v0.22.4 h1:dZtK82WlNpVLDW2jlA1YCiVJFVqkED1MegOUy9kR5T4=
github.com/go-openapi/jsonpointer v0.22.4/go.mod h1:elX9+UgznpFhgBuaMQ7iu4lvvX1nvNsesQ3oxmYTw80=
github.com/go-openapi/jsonreference v0.21.4 h1:24qaE2y9bx/q3uRK/qN+TDwbok1NhbSmGjjySRCHtC8=
github.com/go-openapi/jsonreference v0.21.4/go.mod h1:rIENPTjDbLpzQmQWCj5kKj3ZlmEh+EFVbz3RTUh30/4=
github.com/go-openapi/loads v0.23.2 h1:rJXAcP7g1+lWyBHC7iTY+WAF0rprtM+pm8Jxv1uQJp4=
github.com/go-openapi/loads v0.23.2/go.mod h1:IEVw1GfRt/P2Pplkelxzj9BYFajiWOtY2nHZNj4UnWY=
github.com/go-openapi/runtime v0.29.0 h1:Y7iDTFarS9XaFQ+fA+lBLngMwH6nYfqig1G+pHxMRO0=
github.com/go-openapi/runtime v0.29.0/go.mod h1:52HOkEmLL/fE4Pg3Kf9nxc9fYQn0UsIWyGjGIJE9dkg=
github.com/go-openapi/spec v0.22.3 h1:qRSmj6Smz2rEBxMnLRBMeBWxbbOvuOoElvSvObIgwQc=
github.com/go-openapi/spec v0.22.3/go.mod h1:iIImLODL2loCh3Vnox8TY2YWYJZjMAKYyLH2Mu8lOZs=
github.com/go-openapi/strfmt v0.25.0 h1:7R0RX7mbKLa9EYCTHRcCuIPcaqlyQiWNPTXwClK0saQ=
github.com/go-openapi/strfmt v0.25.0/go.mod h1:nNXct7OzbwrMY9+5tLX4I21pzcmE6ccMGXl3jFdPfn8=
github.com/go-openapi/swag v0.25.4 h1:OyUPUFYDPDBMkqyxOTkqDYFnrhuhi9NR6QVUvIochMU=
github.com/go-openapi/swag v0.25.4/go.mod h1:zNfJ9WZABGHCFg2RnY0S4IOkAcVTzJ6z2Bi+Q4i6qFQ=
github.com/go-openapi/swag/cmdutils v0.25.4 h1:8rYhB5n6WawR192/BfUu2iVlxqVR9aRgGJP6WaBoW+4=
github.com/go-openapi/swag/cmdutils v0.25.4/go.mod h1:pdae/AFo6WxLl5L0rq87eRzVPm/XRHM3MoYgRMvG4A0=
github.com/go-openapi/swag/conv v0.25.4 h1:/Dd7p0LZXczgUcC/Ikm1+YqVzkEeCc9LnOWjfkpkfe4=
github.com/go-openapi/swag/conv v0.25.4/go.mod h1:3LXfie/lwoAv0NHoEuY1hjoFAYkvlqI/Bn5EQDD3PPU=
github.com/go-openapi/swag/fileutils v0.25.4 h1:2oI0XNW5y6UWZTC7vAxC8hmsK/tOkWXHJQH4lKjqw+Y=
github.com/go-openapi/swag/fileutils v0.25.4/go.mod h1:cdOT/PKbwcysVQ9Tpr0q20lQKH7MGhOEb6EwmHOirUk=
github.com/go-openapi/swag/jsonname v0.25.4 h1:bZH0+MsS03MbnwBXYhuTttMOqk+5KcQ9869Vye1bNHI=
github.com/go-openapi/swag/jsonname v0.25.4/go.mod h1:GPVEk9CWVhNvWhZgrnvRA6utbAltopbKwDu8mXNUMag=
github.com/go-openapi/swag/jsonutils v0.25.4 h1:VSchfbGhD4UTf4vCdR2F4TLBdLwHyUDTd1/q4i+jGZA=
github.com/go-openapi/swag/jsonutils v0.25.4/go.mod h1:7OYGXpvVFPn4PpaSdPHJBtF0iGnbEaTk8AvBkoWnaAY=
github.com/go-openapi/swag/jsonutils/fixtures_test v0.25.4 h1:IACsSvBhiNJwlDix7wq39SS2Fh7lUOCJRmx/4SN4sVo=
github.com/go-openapi/swag/jsonutils/fixtures_test v0.25.4/go.mod h1:Mt0Ost9l3cUzVv4OEZG+WSeoHwjWLnarzMePNDAOBiM=
github.com/go-openapi/swag/loading v0.25.4 h1:jN4MvLj0X6yhCDduRsxDDw1aHe+ZWoLjW+9ZQWIKn2s=
github.com/go-openapi/swag/loading v0.25.4/go.mod h1:rpUM1ZiyEP9+mNLIQUdMiD7dCETXvkkC30z53i+ftTE=
github.com/go-openapi/swag/mangling v0.25.4 h1:2b9kBJk9JvPgxr36V23FxJLdwBrpijI26Bx5JH4Hp48=
github.com/go-openapi/swag/mangling v0.25.4/go.mod h1:6dxwu6QyORHpIIApsdZgb6wBk/DPU15MdyYj/ikn0Hg=
github.com/go-openapi/swag/netutils v0.25.4 h1:Gqe6K71bGRb3ZQLusdI8p/y1KLgV4M/k+/HzVSqT8H0=
github.com/go-openapi/swag/netutils v0.25.4/go.mod h1:m2W8dtdaoX7oj9rEttLyTeEFFEBvnAx9qHd5nJEBzYg=
github.com/go-openapi/swag/stringutils v0.25.4 h1:O6dU1Rd8bej4HPA3/CLPciNBBDwZj9HiEpdVsb8B5A8=
github.com/go-openapi/swag/stringutils v0.25.4/go.mod h1:GTsRvhJW5xM5gkgiFe0fV3PUlFm0dr8vki6/VSRaZK0=
github.com/go-openapi/swag/typeutils v0.25.4 h1:1/fbZOUN472NTc39zpa+YGHn3jzHWhv42wAJSN91wRw=
github.com/go-openapi/swag/typeutils v0.25.4/go.mod h1:Ou7g//Wx8tTLS9vG0UmzfCsjZjKhpjxayRKTHXf2pTE=
github.com/go-openapi/swag/yamlutils v0.25.4 h1:6jdaeSItEUb7ioS9lFoCZ65Cne1/RZtPBZ9A56h92Sw=
github.com/go-openapi/swag/yamlutils v0.25.4/go.mod h1:MNzq1ulQu+yd8Kl7wPOut/YHAAU/H6hL91fF+E2RFwc=
github.com/go-openapi/testify/enable/yaml/v2 v2.0.2 h1:0+Y41Pz1NkbTHz8NngxTuAXxEodtNSI1WG1c/m5Akw4=
github.com/go-openapi/testify/enable/yaml/v2 v2.0.2/go.mod h1:kme83333GCtJQHXQ8UKX3IBZu6z8T5Dvy5+CW3NLUUg=
github.com/go-openapi/testify/v2 v2.0.2 h1:X999g3jeLcoY8qctY/c/Z8iBHTbwLz7R2WXd6Ub6wls=
github.com/go-openapi/testify/v2 v2.0.2/go.mod h1:HCPmvFFnheKK2BuwSA0TbbdxJ3I16pjwMkYkP4Ywn54=
github.com/go-openapi/validate v0.25.1 h1:sSACUI6Jcnbo5IWqbYHgjibrhhmt3vR6lCzKZnmAgBw=
github.com/go-openapi/validate v0.25.1/go.mod h1:RMVyVFYte0gbSTaZ0N4KmTn6u/kClvAFp+mAVfS/DQc=
github.com/go-quicktest/qt v1.101.0 h1:O1K29Txy5P2OK0dGo59b7b0LR6wKfIhttaAhHUyn7eI=
github.com/go-quicktest/qt v1.101.0/go.mod h1:14Bz/f7NwaXPtdYEgzsx46kqSxVwTbzVZsDC26tQJow=
github.com/go-resty/resty/v2 v2.16.5 h1:hBKqmWrr7uRc3euHVqmh1HTHcKn99Smr7o5spptdhTM=
github.com/go-resty/resty/v2 v2.16.5/go.mod h1:hkJtXbA2iKHzJheXYvQ8snQES5ZLGKMwQ07xAwp/fiA=
github.com/go-test/deep v1.0.8 h1:TDsG77qcSprGbC6vTN8OuXp5g+J+b5Pcguhf7Zt61VM=
github.com/go-test/deep v1.0.8/go.mod h1:5C2ZWiW0ErCdrYzpqxLbTX7MG14M9iiw8DgHncVwcsE=
github.com/go-viper/mapstructure/v2 v2.5.0 h1:vM5IJoUAy3d7zRSVtIwQgBj7BiWtMPfmPEgAXnvj1Ro=
github.com/go-viper/mapstructure/v2 v2.5.0/go.mod h1:oJDH3BJKyqBA2TXFhDsKDGDTlndYOZ6rGS0BRZIxGhM=
github.com/gofrs/flock v0.13.0 h1:95JolYOvGMqeH31+FC7D2+uULf6mG61mEZ/A8dRYMzw=
github.com/gofrs/flock v0.13.0/go.mod h1:jxeyy9R1auM5S6JYDBhDt+E2TCo7DkratH4Pgi8P+Z0=
github.com/golang-jwt/jwt/v5 v5.2.2 h1:Rl4B7itRWVtYIHFrSNd7vhTiz9UpLdi6gZhZ3wEeDy8=
github.com/golang-jwt/jwt/v5 v5.2.2/go.mod h1:pqrtFR0X4osieyHYxtmOUWsAWrfe1Q5UVIyoH402zdk=
github.com/golang/protobuf v1.5.4 h1:i7eJL8qZTpSEXOPTxNKhASYpMn+8e5Q6AdndVa1dWek=
github.com/golang/protobuf v1.5.4/go.mod h1:lnTiLA8Wa4RWRcIUkrtSVa5nRhsEGBg48fD6rSs7xps=
github.com/google/go-cmp v0.5.2/go.mod h1:v8dTdLbMG2kIc/vJvl+f65V22dbkXbowE6jgT/gNBxE=
github.com/google/go-cmp v0.7.0 h1:wk8382ETsv4JYUZwIsn6YpYiWiBsYLSJiTsyBybVuN8=
github.com/google/go-cmp v0.7.0/go.mod h1:pXiqmnSA92OHEEa9HXL2W4E7lf9JzCmGVUdgjX3N/iU=
github.com/google/go-querystring v1.1.0 h1:AnCroh3fv4ZBgVIf1Iwtovgjaw/GiKJo8M8yD/fhyJ8=
github.com/google/go-querystring v1.1.0/go.mod h1:Kcdr2DB4koayq7X8pmAG4sNG59So17icRSOU623lUBU=
github.com/google/gofuzz v1.0.0/go.mod h1:dBl0BpW6vV/+mYPU4Po3pmUjxk6FQPldtuIdl/M65Eg=
github.com/google/martian/v3 v3.3.3 h1:DIhPTQrbPkgs2yJYdXU/eNACCG5DVQjySNRNlflZ9Fc=
github.com/google/martian/v3 v3.3.3/go.mod h1:iEPrYcgCF7jA9OtScMFQyAlZZ4YXTKEtJ1E6RWzmBA0=
github.com/google/renameio v1.0.1 h1:Lh/jXZmvZxb0BBeSY5VKEfidcbcbenKjZFzM/q0fSeU=
github.com/google/renameio v1.0.1/go.mod h1:t/HQoYBZSsWSNK35C6CO/TpPLDVWvxOHboWUAweKUpk=
github.com/google/s2a-go v0.1.9 h1:LGD7gtMgezd8a/Xak7mEWL0PjoTQFvpRudN895yqKW0=
github.com/google/s2a-go v0.1.9/go.mod h1:YA0Ei2ZQL3acow2O62kdp9UlnvMmU7kA6Eutn0dXayM=
github.com/google/uuid v1.6.0 h1:NIvaJDMOsjHA8n1jAhLSgzrAzy1Hgr+hNrb57e+94F0=
github.com/google/uuid v1.6.0/go.mod h1:TIyPZe4MgqvfeYDBFedMoGGpEw/LqOeaOT+nhxU+yHo=
github.com/googleapis/enterprise-certificate-proxy v0.3.6 h1:GW/XbdyBFQ8Qe+YAmFU9uHLo7OnF5tL52HFAgMmyrf4=
github.com/googleapis/enterprise-certificate-proxy v0.3.6/go.mod h1:MkHOF77EYAE7qfSuSS9PU6g4Nt4e11cnsDUowfwewLA=
github.com/googleapis/gax-go/v2 v2.14.1 h1:hb0FFeiPaQskmvakKu5EbCbpntQn48jyHuvrkurSS/Q=
github.com/googleapis/gax-go/v2 v2.14.1/go.mod h1:Hb/NubMaVM88SrNkvl8X/o8XWwDJEPqouaLeN2IUxoA=
github.com/haproxytech/client-native/v6 v6.3.0 h1:bKiQHCW6gKusA2XixfUPy+L/XdEa4LNR6jFMuQ+C908=
github.com/haproxytech/client-native/v6 v6.3.0/go.mod h1:2ybXlzwzdrIOlFl468y/VeGLD5uVS4P7L0TxN9Os+as=
github.com/haproxytech/go-logger v1.1.0 h1:HgGtYaI1ApkvbQdsm7f9AzQQoxTB7w37criTflh7IQE=
github.com/haproxytech/go-logger v1.1.0/go.mod h1:OekUd8HCb7ubxMplzHUPBTHNxZmddOWfOjWclZsqIeM=
github.com/haproxytech/go-method-gen v0.1.1 h1:anoX6RjASOqtwxYCeX5JlsF3ETrAU9fQkxA3vi6tRmA=
github.com/haproxytech/go-method-gen v0.1.1/go.mod h1:3lORMBgT21FSJwyEjIF5rlcwJ1Yj2tFx8bMs8Rzf/d8=
github.com/hashicorp/go-cleanhttp v0.5.2 h1:035FKYIWjmULyFRBKPs8TBQoi0x6d9G4xc9neXJWAZQ=
github.com/hashicorp/go-cleanhttp v0.5.2/go.mod h1:kO/YDlP8L1346E6Sodw+PrpBSV4/SoxCXGY6BqNFT48=
github.com/hashicorp/go-hclog v1.6.3 h1:Qr2kF+eVWjTiYmU7Y31tYlP1h0q/X3Nl3tPGdaB11/k=
github.com/hashicorp/go-hclog v1.6.3/go.mod h1:W4Qnvbt70Wk/zYJryRzDRU/4r0kIg0PVHBcfoyhpF5M=
github.com/hashicorp/go-retryablehttp v0.7.7 h1:C8hUCYzor8PIfXHa4UrZkU4VvK8o9ISHxT2Q8+VepXU=
github.com/hashicorp/go-retryablehttp v0.7.7/go.mod h1:pkQpWZeYWskR+D1tR2O5OcBFOxfA7DoAO6xtkuQnHTk=
github.com/jarcoal/httpmock v1.4.1 h1:0Ju+VCFuARfFlhVXFc2HxlcQkfB+Xq12/EotHko+x2A=
github.com/jarcoal/httpmock v1.4.1/go.mod h1:ftW1xULwo+j0R0JJkJIIi7UKigZUXCLLanykgjwBXL0=
github.com/jessevdk/go-flags v1.6.1 h1:Cvu5U8UGrLay1rZfv/zP7iLpSHGUZ/Ou68T0iX1bBK4=
github.com/jessevdk/go-flags v1.6.1/go.mod h1:Mk8T1hIAWpOiJiHa9rJASDK2UGWji0EuPGBnNLMooyc=
github.com/joho/godotenv v1.5.1 h1:7eLL/+HRGLY0ldzfGMeQkb7vMd0as4CfYvUVzLqw0N0=
github.com/joho/godotenv v1.5.1/go.mod h1:f4LDr5Voq0i2e/R5DDNOoa2zzDfwtkZa6DnEwAbqwq4=
github.com/josharian/intern v1.0.0 h1:vlS4z54oSdjm0bgjRigI+G1HpF+tI+9rE5LLzOg8HmY=
github.com/josharian/intern v1.0.0/go.mod h1:5DoeVV0s6jJacbCEi61lwdGj/aVlrQvzHFFd8Hwg//Y=
github.com/json-iterator/go v1.1.12 h1:PV8peI4a0ysnczrg+LtxykD8LfKY9ML6u2jnxaEnrnM=
github.com/json-iterator/go v1.1.12/go.mod h1:e30LSqwooZae/UwlEbR2852Gd8hjQvJoHmT4TnhNGBo=
github.com/kballard/go-shellquote v0.0.0-20180428030007-95032a82bc51 h1:Z9n2FFNUXsshfwJMBgNA0RU6/i7WVaAegv3PtuIHPMs=
github.com/kballard/go-shellquote v0.0.0-20180428030007-95032a82bc51/go.mod h1:CzGEWj7cYgsdH8dAjBGEr58BoE7ScuLd+fwFZ44+/x8=
github.com/keybase/go-keychain v0.0.1 h1:way+bWYa6lDppZoZcgMbYsvC7GxljxrskdNInRtuthU=
github.com/keybase/go-keychain v0.0.1/go.mod h1:PdEILRW3i9D8JcdM+FmY6RwkHGnhHxXwkPPMeUgOK1k=
github.com/kr/pretty v0.3.1 h1:flRD4NNwYAUpkphVc1HcthR4KEIFJ65n8Mw5qdRn3LE=
github.com/kr/pretty v0.3.1/go.mod h1:hoEshYVHaxMs3cyo3Yncou5ZscifuDolrwPKZanG3xk=
github.com/kr/text v0.2.0 h1:5Nx0Ya0ZqY2ygV366QzturHI13Jq95ApcVaJBhpS+AY=
github.com/kr/text v0.2.0/go.mod h1:eLer722TekiGuMkidMxC/pM04lWEeraHUUmBw8l2grE=
github.com/kylelemons/godebug v1.1.0 h1:RPNrshWIDI6G2gRW9EHilWtl7Z6Sb1BR0xunSBf0SNc=
github.com/kylelemons/godebug v1.1.0/go.mod h1:9/0rRGxNHcop5bhtWyNeEfOS8JIWk580+fNqagV/RAw=
github.com/lestrrat-go/apache-logformat v0.0.0-20210106032603-24d066f940f8 h1:YTyb23TYmO5068vabZIrocTP6Ql1bX53Qhkf7IjYU08=
github.com/lestrrat-go/apache-logformat v0.0.0-20210106032603-24d066f940f8/go.mod h1:thy9OlWY26pQu7tUAL5Ox9HV/sZzlSwx/AW43yO4lSg=
github.com/lestrrat-go/envload v0.0.0-20180220234015-a3eb8ddeffcc h1:RKf14vYWi2ttpEmkA4aQ3j4u9dStX2t4M8UM6qqNsG8=
github.com/lestrrat-go/envload v0.0.0-20180220234015-a3eb8ddeffcc/go.mod h1:kopuH9ugFRkIXf3YoqHKyrJ9YfUFsckUU9S7B+XP+is=
github.com/lestrrat-go/strftime v0.0.0-20180821113735-8b31f9c59b0f/go.mod h1:RMlXygAD3c48Psmr06d2G75L4E4xxzxkIe/+ppX9eAU=
github.com/lestrrat-go/strftime v1.1.1 h1:zgf8QCsgj27GlKBy3SU9/8MMgegZ8UCzlCyHYrUF0QU=
github.com/lestrrat-go/strftime v1.1.1/go.mod h1:YDrzHJAODYQ+xxvrn5SG01uFIQAeDTzpxNVppCz7Nmw=
github.com/libdns/azure v0.5.0 h1:zqIjuEinZsuIS9jlooJlc562Xwtlng5boruHoo7xbkc=
github.com/libdns/azure v0.5.0/go.mod h1:9aCIh+jdIR/+6sTIsONLGGUjho9vjneRS59hSqIJo7k=
github.com/libdns/cloudflare v0.2.1 h1:E8aoP5o79AU47t1XyzCgSecST3GvWv/nC3ycibg0t+o=
github.com/libdns/cloudflare v0.2.1/go.mod h1:Aq4IXdjalB6mD0ELvKqJiIGim8zSC6mlIshRPMOAb5w=
github.com/libdns/cloudns v1.1.0 h1:W+1MadtxKySn3b5RITFTsXgTIvr5VoO5x97cewjlDcs=
github.com/libdns/cloudns v1.1.0/go.mod h1:/22V6tYYDALDpM4pw/RGGJ+X2F1Luibty9kKpKvkqBM=
github.com/libdns/digitalocean v0.0.0-20250606071607-dfa7af5c2e31 h1:raIuvxYVJtZ60hREOOL3MS2AS3xA0W2G3grPQ4rGTeo=
github.com/libdns/digitalocean v0.0.0-20250606071607-dfa7af5c2e31/go.mod h1:hde/tjNiPFe1lLaf2TtaCAYgJ9j/SGLhaQMpgZlF6e0=
github.com/libdns/gandi v1.1.0 h1:gBBbx23xejvOpbUX7HRqCYsROYag5+OUMGhQXzAkol4=
github.com/libdns/gandi v1.1.0/go.mod h1:HAbs4cfjYUX28d25Iyn9rq4oNLoVLpJ6YSkRFLbo9IE=
github.com/libdns/godaddy v1.1.0 h1:mxB107yFulEGApacljrCfaR4faR/9d9SyrGmjD2VubU=
github.com/libdns/godaddy v1.1.0/go.mod h1:ZU6B93OoBN8jTbN97Ud5QdgbNvd6asV0EO8KVrGMWm4=
github.com/libdns/googleclouddns v1.2.0 h1:6K333FYwKkiOuq0Rpe5XVyUkgNoY3X7RgKqVMFEtaEs=
github.com/libdns/googleclouddns v1.2.0/go.mod h1:ubTPz+22nDk9aOmNBQAOgHd3/yfKUPZXB88XHrP5iCk=
github.com/libdns/hetzner v1.0.0 h1:dFcgqTIfdiKQTqoqBBtgU9CewD8JSnB7p6BKxQ5kheM=
github.com/libdns/hetzner v1.0.0/go.mod h1:OmuTyXMHTfy2nCqbt9KYkf0KwQSvo0ZeFGxEQSl3r2w=
github.com/libdns/infomaniak v0.2.0 h1:TC3jP68Tnw4sAi87r1xNY4fPF5Cs5SPGbEkTWvXCmnc=
github.com/libdns/infomaniak v0.2.0/go.mod h1:2RTkgFMLv45OPE8dwgFZKn4PKzECdVADdHdkIcbUZWE=
github.com/libdns/inwx v0.3.0 h1:TFKFqKUDfrlmKpeZc0mxAM3o9GZ4sQ7cwq+KyuybGWk=
github.com/libdns/inwx v0.3.0/go.mod h1:q+nLyMTVQGL8DRCLGB1IT6WIWr9GOu8billodJNQssY=
github.com/libdns/ionos v1.2.0 h1:FQ2xQTBfsjc7aMArRBBCs9l48Squt76GHXbxDsqOKgw=
github.com/libdns/ionos v1.2.0/go.mod h1:g/JYno/+VXdujTGPBDMDeCfeLF0PJyJynsCrFu+2EFQ=
github.com/libdns/libdns v1.1.1 h1:wPrHrXILoSHKWJKGd0EiAVmiJbFShguILTg9leS/P/U=
github.com/libdns/libdns v1.1.1/go.mod h1:4Bj9+5CQiNMVGf87wjX4CY3HQJypUHRuLvlsfsZqLWQ=
github.com/libdns/linode v0.5.0 h1:BYWhIfK+M7Qh/naDzL2FX2oTWBv6VbRRPiypIFe9yT8=
github.com/libdns/linode v0.5.0/go.mod h1:s6utuPHV0ZtERlsDPvAZbo2X86xq2AJQ+dsIQTFyxls=
github.com/libdns/namecheap v0.1.1-0.20250828012207-e1a51bc9ed35 h1:ScmNxAt/kxKZxPIlhc05AArkgSbhUBxkRe8ZwWDdFgc=
github.com/libdns/namecheap v0.1.1-0.20250828012207-e1a51bc9ed35/go.mod h1:v57RUzOgOGVnI9wY3uqPEanSrKx2I1YgR24uep/ys9Y=
github.com/libdns/netcup v1.0.0 h1:+hXRhnCWPTBhsuZX+laBrWt+ijDINoq7zVbaA2UHFuY=
github.com/libdns/netcup v1.0.0/go.mod h1:yfRQIwtgK9T3o2MZjMrPJhtJgH2uHNWJQfZ1n28J/3I=
github.com/libdns/ovh v1.1.0 h1:J909NRjU2IwRxvwwuvrHRomQ7lyetZdUISkqEhgmNYA=
github.com/libdns/ovh v1.1.0/go.mod h1:NspcMQgmvCyHr4jhu+Zli/RQ86Vvt+jNtLzMMeOP8ag=
github.com/libdns/porkbun v1.1.0 h1:X763NqXjW26VEl7GvBtF/3CGeuGt9JqoQ35mwIlx40E=
github.com/libdns/porkbun v1.1.0/go.mod h1:JL6NfXkkSlLr24AI5Fv0t3/Oa6PXOSOerVsOmr8+URs=
github.com/libdns/rfc2136 v1.0.1 h1:aiztZgzI2cd9FAtBNPILz01mQcZs1jMqJ467KKI4UQ0=
github.com/libdns/rfc2136 v1.0.1/go.mod h1:Uf4niCfXVgiMgwUrkPdIa5/sqLFdjVhkZj1ZfFAuSq4=
github.com/libdns/route53 v1.6.0 h1:1fZcoCIxagfftw9GBhIqZ2rumEiB0K58n11X7ko2DOg=
github.com/libdns/route53 v1.6.0/go.mod h1:7QGcw/2J0VxcVwHsPYpuo1I6IJLHy77bbOvi1BVK3eE=
github.com/libdns/scaleway v0.2.3 h1:krZpbQyl4cyuB6sVLHLfEQ63K1Z+PDiQcFcJBU3Kyp4=
github.com/libdns/scaleway v0.2.3/go.mod h1:N9nY2+aeFQu5y439nKT25GHLOhBlRf93WvOqgeX+ztI=
github.com/libdns/vultr/v2 v2.0.4 h1:4V1OSiUnYvFfpFBicdM27JEnAF0D694cmmQ3AyNqobA=
github.com/libdns/vultr/v2 v2.0.4/go.mod h1:u5Vgx6UG44bMLFKzqHdixc+o2TfP8aGUUmEZk4asH9o=
github.com/linode/linodego v1.56.0 h1:WO2ztR6/hdfqCIeZnC8DyYb+AXnuWOl4FB/qqK6T5HE=
github.com/linode/linodego v1.56.0/go.mod h1:W5+QH6nCppgi5gud/b16uAKOzTtfuwzjOHEFA7bKOd0=
github.com/mailru/easyjson v0.9.1 h1:LbtsOm5WAswyWbvTEOqhypdPeZzHavpZx96/n553mR8=
github.com/mailru/easyjson v0.9.1/go.mod h1:1+xMtQp2MRNVL/V1bOzuP3aP8VNwRW55fQUto+XFtTU=
github.com/maruel/panicparse/v2 v2.5.0 h1:yCtuS0FWjfd0RTYMXGpDvWcb0kINm8xJGu18/xMUh00=
github.com/maruel/panicparse/v2 v2.5.0/go.mod h1:DA2fDiBk63bKfBf4CVZP9gb4fuvzdPbLDsSI873hweQ=
github.com/mattn/go-colorable v0.1.14 h1:9A9LHSqF/7dyVVX6g0U9cwm9pG3kP9gSzcuIPHPsaIE=
github.com/mattn/go-colorable v0.1.14/go.mod h1:6LmQG8QLFO4G5z1gPvYEzlUgJ2wF+stgPZH1UqBm1s8=
github.com/mattn/go-isatty v0.0.20 h1:xfD0iDuEKnDkl03q4limB+vH+GxLEtL/jb4xVJSWWEY=
github.com/mattn/go-isatty v0.0.20/go.mod h1:W+V8PltTTMOvKvAeJH7IuucS94S2C6jfK/D7dTCTo3Y=
github.com/maxatome/go-testdeep v1.12.0 h1:Ql7Go8Tg0C1D/uMMX59LAoYK7LffeJQ6X2T04nTH68g=
github.com/maxatome/go-testdeep v1.12.0/go.mod h1:lPZc/HAcJMP92l7yI6TRz1aZN5URwUBUAfUNvrclaNM=
github.com/miekg/dns v1.1.64 h1:wuZgD9wwCE6XMT05UU/mlSko71eRSXEAm2EbjQXLKnQ=
github.com/miekg/dns v1.1.64/go.mod h1:Dzw9769uoKVaLuODMDZz9M6ynFU6Em65csPuoi8G0ck=
github.com/mitchellh/mapstructure v1.5.0 h1:jeMsZIYE/09sWLaz43PL7Gy6RuMjD2eJVyuac5Z2hdY=
github.com/mitchellh/mapstructure v1.5.0/go.mod h1:bFUtVrKA4DC2yAKiSyO/QUcy7e+RRV2QTWOzhPopBRo=
github.com/modern-go/concurrent v0.0.0-20180228061459-e0a39a4cb421/go.mod h1:6dJC0mAP4ikYIbvyc7fijjWJddQyLn8Ig3JB5CqoB9Q=
github.com/modern-go/concurrent v0.0.0-20180306012644-bacd9c7ef1dd h1:TRLaZ9cD/w8PVh93nsPXa1VrQ6jlwL5oN8l14QlcNfg=
github.com/modern-go/concurrent v0.0.0-20180306012644-bacd9c7ef1dd/go.mod h1:6dJC0mAP4ikYIbvyc7fijjWJddQyLn8Ig3JB5CqoB9Q=
github.com/modern-go/reflect2 v1.0.2 h1:xBagoLtFs94CBntxluKeaWgTMpvLxC4ur3nMaC9Gz0M=
github.com/modern-go/reflect2 v1.0.2/go.mod h1:yWuevngMOJpCy52FWWMvUC8ws7m/LJsjYzDa0/r8luk=
github.com/mohae/deepcopy v0.0.0-20170929034955-c48cc78d4826 h1:RWengNIwukTxcDr9M+97sNutRR1RKhG96O6jWumTTnw=
github.com/mohae/deepcopy v0.0.0-20170929034955-c48cc78d4826/go.mod h1:TaXosZuwdSHYgviHp1DAtfrULt5eUgsSMsZf+YrPgl8=
github.com/nathanaelle/syslog5424/v2 v2.0.5 h1:oLVYQmKnv3nlnmvlbBWM+iWl9AONcU+tuxIL0fjko5A=
github.com/nathanaelle/syslog5424/v2 v2.0.5/go.mod h1:f9MvsGkLOtYh2VzLT4Pjuwx3+Xv2EogxJNda+HLPDus=
github.com/oasdiff/yaml v0.0.0-20250309154309-f31be36b4037 h1:G7ERwszslrBzRxj//JalHPu/3yz+De2J+4aLtSRlHiY=
github.com/oasdiff/yaml v0.0.0-20250309154309-f31be36b4037/go.mod h1:2bpvgLBZEtENV5scfDFEtB/5+1M4hkQhDQrccEJ/qGw=
github.com/oasdiff/yaml3 v0.0.0-20250309153720-d2182401db90 h1:bQx3WeLcUWy+RletIKwUIt4x3t8n2SxavmoclizMb8c=
github.com/oasdiff/yaml3 v0.0.0-20250309153720-d2182401db90/go.mod h1:y5+oSEHCPT/DGrS++Wc/479ERge0zTFxaF8PbGKcg2o=
github.com/oklog/ulid v1.3.1 h1:EGfNDEx6MqHz8B3uNV6QAib1UR2Lm97sHi3ocA6ESJ4=
github.com/oklog/ulid v1.3.1/go.mod h1:CirwcVhetQ6Lv90oh/F+FBtV6XMibvdAFo93nm5qn4U=
github.com/ovh/go-ovh v1.7.0 h1:V14nF7FwDjQrZt9g7jzcvAAQ3HN6DNShRFRMC3jLoPw=
github.com/ovh/go-ovh v1.7.0/go.mod h1:cTVDnl94z4tl8pP1uZ/8jlVxntjSIf09bNcQ5TJSC7c=
github.com/pbnjay/memory v0.0.0-20210728143218-7b4eea64cf58 h1:onHthvaw9LFnH4t2DcNVpwGmV9E1BkGknEliJkfwQj0=
github.com/pbnjay/memory v0.0.0-20210728143218-7b4eea64cf58/go.mod h1:DXv8WO4yhMYhSNPKjeNKa5WY9YCIEBRbNzFFPJbWO6Y=
github.com/perimeterx/marshmallow v1.1.5 h1:a2LALqQ1BlHM8PZblsDdidgv1mWi1DgC2UmX50IvK2s=
github.com/perimeterx/marshmallow v1.1.5/go.mod h1:dsXbUu8CRzfYP5a87xpp0xq9S3u0Vchtcl8we9tYaXw=
github.com/peterbourgon/g2s v0.0.0-20170223122336-d4e7ad98afea h1:sKwxy1H95npauwu8vtF95vG/syrL0p8fSZo/XlDg5gk=
github.com/peterbourgon/g2s v0.0.0-20170223122336-d4e7ad98afea/go.mod h1:1VcHEd3ro4QMoHfiNl/j7Jkln9+KQuorp0PItHMJYNg=
github.com/pkg/browser v0.0.0-20240102092130-5ac0b6a4141c h1:+mdjkGKdHQG3305AYmdv1U2eRNDiU2ErMBj1gwrq8eQ=
github.com/pkg/browser v0.0.0-20240102092130-5ac0b6a4141c/go.mod h1:7rwL4CYBLnjLxUqIJNnCWiEdr3bn6IUYi15bNlnbCCU=
github.com/pkg/diff v0.0.0-20210226163009-20ebb0f2a09e/go.mod h1:pJLUxLENpZxwdsKMEsNbx1VGcRFpLqf3715MtcvvzbA=
github.com/pkg/errors v0.8.1/go.mod h1:bwawxfHBFNV+L2hUp1rHADufV3IMtnDRdf1r5NINEl0=
github.com/pkg/errors v0.9.1 h1:FEBLx1zS214owpjy7qsBeixbURkuhQAwrK5UwLGTwt4=
github.com/pkg/errors v0.9.1/go.mod h1:bwawxfHBFNV+L2hUp1rHADufV3IMtnDRdf1r5NINEl0=
github.com/pmezard/go-difflib v1.0.0 h1:4DBwDE0NGyQoBHbLQYPwSUPoCMWR5BEzIk/f1lZbAQM=
github.com/pmezard/go-difflib v1.0.0/go.mod h1:iKH77koFhYxTK1pcRnkKkqfTogsbg7gZNVY4sRDYZ/4=
github.com/pquerna/otp v1.4.0 h1:wZvl1TIVxKRThZIBiwOOHOGP/1+nZyWBil9Y2XNEDzg=
github.com/pquerna/otp v1.4.0/go.mod h1:dkJfzwRKNiegxyNb54X/3fLwhCynbMspSyWKnvi1AEg=
github.com/prashantv/gostub v1.1.0 h1:BTyx3RfQjRHnUWaGF9oQos79AlQ5k8WNktv7VGvVH4g=
github.com/prashantv/gostub v1.1.0/go.mod h1:A5zLQHz7ieHGG7is6LLXLz7I8+3LZzsrV0P1IAHhP5U=
github.com/redis/go-redis/v9 v9.7.3 h1:YpPyAayJV+XErNsatSElgRZZVCwXX9QzkKYNvO7x0wM=
github.com/redis/go-redis/v9 v9.7.3/go.mod h1:bGUrSggJ9X9GUmZpZNEOQKaANxSGgOEBRltRTZHSvrA=
github.com/rogpeppe/go-internal v1.9.0/go.mod h1:WtVeX8xhTBvf0smdhujwtBcq4Qrzq/fJaraNFVN+nFs=
github.com/rogpeppe/go-internal v1.14.1 h1:UQB4HGPB6osV0SQTLymcB4TgvyWu6ZyliaW0tI/otEQ=
github.com/rogpeppe/go-internal v1.14.1/go.mod h1:MaRKkUm5W0goXpeCfT7UZI6fk/L7L7so1lCWt35ZSgc=
github.com/rs/cors v1.11.1 h1:eU3gRzXLRK57F5rKMGMZURNdIG4EoAmX8k94r9wXWHA=
github.com/rs/cors v1.11.1/go.mod h1:XyqrcTp5zjWr1wsJ8PIRZssZ8b/WMcMf71DJnit4EMU=
github.com/rubyist/circuitbreaker v2.2.1+incompatible h1:KUKd/pV8Geg77+8LNDwdow6rVCAYOp8+kHUyFvL6Mhk=
github.com/rubyist/circuitbreaker v2.2.1+incompatible/go.mod h1:Ycs3JgJADPuzJDwffe12k6BZT8hxVi6lFK+gWYJLN4A=
github.com/scaleway/scaleway-sdk-go v1.0.0-beta.34 h1:48+VFHsyVcAHIN2v1Ao9v1/RkjJS5AwctFucBrfYNIA=
github.com/scaleway/scaleway-sdk-go v1.0.0-beta.34/go.mod h1:zFWiHphneiey3s8HOtAEnGrRlWivNaxW5T6d5Xfco7g=
github.com/shirou/gopsutil v3.21.11+incompatible h1:+1+c1VGhc88SSonWP6foOcLhvnKlUeu/erjjvaPEYiI=
github.com/shirou/gopsutil v3.21.11+incompatible/go.mod h1:5b4v6he4MtMOwMlS0TUMTu2PcXUg8+E1lC7eC3UO/RA=
github.com/sirupsen/logrus v1.9.3 h1:dueUQJ1C2q9oE3F7wvmSGAaVtTmUizReu6fjN8uqzbQ=
github.com/sirupsen/logrus v1.9.3/go.mod h1:naHLuLoDiP4jHNo9R0sCBMtWGeIprob74mVsIT4qYEQ=
github.com/stretchr/objx v0.1.0/go.mod h1:HFkY916IF+rwdDfMAkV7OtwuqBVzrE8GR6GFx+wExME=
github.com/stretchr/testify v1.3.0/go.mod h1:M5WIy9Dh21IEIfnGCwXGc5bZfKNJtfHm1UVUgZn+9EI=
github.com/stretchr/testify v1.7.0/go.mod h1:6Fq8oRcR53rry900zMqJjRRixrwX3KX962/h/Wwjteg=
github.com/stretchr/testify v1.11.1 h1:7s2iGBzp5EwR7/aIZr8ao5+dra3wiQyKjjFuvgVKu7U=
github.com/stretchr/testify v1.11.1/go.mod h1:wZwfW3scLgRK+23gO65QZefKpKQRnfz6sD981Nm4B6U=
github.com/tklauser/go-sysconf v0.3.15 h1:VE89k0criAymJ/Os65CSn1IXaol+1wrsFHEB8Ol49K4=
github.com/tklauser/go-sysconf v0.3.15/go.mod h1:Dmjwr6tYFIseJw7a3dRLJfsHAMXZ3nEnL/aZY+0IuI4=
github.com/tklauser/numcpus v0.10.0 h1:18njr6LDBk1zuna922MgdjQuJFjrdppsZG60sHGfjso=
github.com/tklauser/numcpus v0.10.0/go.mod h1:BiTKazU708GQTYF4mB+cmlpT2Is1gLk7XVuEeem8LsQ=
github.com/ugorji/go/codec v1.2.7 h1:YPXUKf7fYbp/y8xloBqZOw2qaVggbfwMlI8WM3wZUJ0=
github.com/ugorji/go/codec v1.2.7/go.mod h1:WGN1fab3R1fzQlVQTkfxVtIBhWDRqOviHU95kRgeqEY=
github.com/vultr/govultr/v3 v3.20.0 h1:O+Om6gXpN6ehwAIIKq5DyGuekpyHaoRlwrxTb44bDzA=
github.com/vultr/govultr/v3 v3.20.0/go.mod h1:q34Wd76upKmf+vxFMgaNMH3A8BbsPBmSYZUGC8oZa5w=
github.com/woodsbury/decimal128 v1.4.0 h1:xJATj7lLu4f2oObouMt2tgGiElE5gO6mSWUjQsBgUlc=
github.com/woodsbury/decimal128 v1.4.0/go.mod h1:BP46FUrVjVhdTbKT+XuQh2xfQaGki9LMIRJSFuh6THU=
github.com/yusufpapurcu/wmi v1.2.4 h1:zFUKzehAFReQwLys1b/iSMl+JQGSCSjtVqQn9bBrPo0=
github.com/yusufpapurcu/wmi v1.2.4/go.mod h1:SBZ9tNy3G9/m5Oi98Zks0QjeHVDvuK0qfxQmPyzfmi0=
go.mongodb.org/mongo-driver v1.17.7 h1:a9w+U3Vt67eYzcfq3k/OAv284/uUUkL0uP75VE5rCOU=
go.mongodb.org/mongo-driver v1.17.7/go.mod h1:Hy04i7O2kC4RS06ZrhPRqj/u4DTYkFDAAccj+rVKqgQ=
go.opentelemetry.io/auto/sdk v1.2.1 h1:jXsnJ4Lmnqd11kwkBV2LgLoFMZKizbCi5fNZ/ipaZ64=
go.opentelemetry.io/auto/sdk v1.2.1/go.mod h1:KRTj+aOaElaLi+wW1kO/DZRXwkF4C5xPbEe3ZiIhN7Y=
go.opentelemetry.io/contrib/instrumentation/net/http/otelhttp v0.60.0 h1:sbiXRNDSWJOTobXh5HyQKjq6wUC5tNybqjIqDpAY4CU=
go.opentelemetry.io/contrib/instrumentation/net/http/otelhttp v0.60.0/go.mod h1:69uWxva0WgAA/4bu2Yy70SLDBwZXuQ6PbBpbsa5iZrQ=
go.opentelemetry.io/otel v1.38.0 h1:RkfdswUDRimDg0m2Az18RKOsnI8UDzppJAtj01/Ymk8=
go.opentelemetry.io/otel v1.38.0/go.mod h1:zcmtmQ1+YmQM9wrNsTGV/q/uyusom3P8RxwExxkZhjM=
go.opentelemetry.io/otel/metric v1.38.0 h1:Kl6lzIYGAh5M159u9NgiRkmoMKjvbsKtYRwgfrA6WpA=
go.opentelemetry.io/otel/metric v1.38.0/go.mod h1:kB5n/QoRM8YwmUahxvI3bO34eVtQf2i4utNVLr9gEmI=
go.opentelemetry.io/otel/sdk v1.38.0 h1:l48sr5YbNf2hpCUj/FoGhW9yDkl+Ma+LrVl8qaM5b+E=
go.opentelemetry.io/otel/sdk v1.38.0/go.mod h1:ghmNdGlVemJI3+ZB5iDEuk4bWA3GkTpW+DOoZMYBVVg=
go.opentelemetry.io/otel/sdk/metric v1.35.0 h1:1RriWBmCKgkeHEhM7a2uMjMUfP7MsOF5JpUCaEqEI9o=
go.opentelemetry.io/otel/sdk/metric v1.35.0/go.mod h1:is6XYCUMpcKi+ZsOvfluY5YstFnhW0BidkR+gL+qN+w=
go.opentelemetry.io/otel/trace v1.38.0 h1:Fxk5bKrDZJUH+AMyyIXGcFAPah0oRcT+LuNtJrmcNLE=
go.opentelemetry.io/otel/trace v1.38.0/go.mod h1:j1P9ivuFsTceSWe1oY+EeW3sc+Pp42sO++GHkg4wwhs=
go.uber.org/automaxprocs v1.6.0 h1:O3y2/QNTOdbF+e/dpXNNW7Rx2hZ4sTIPyybbxyNqTUs=
go.uber.org/automaxprocs v1.6.0/go.mod h1:ifeIMSnPZuznNm6jmdzmU3/bfk01Fe2fotchwEFJ8r8=
go.yaml.in/yaml/v3 v3.0.4 h1:tfq32ie2Jv2UxXFdLJdh3jXuOzWiL1fo0bu/FbuKpbc=
go.yaml.in/yaml/v3 v3.0.4/go.mod h1:DhzuOOF2ATzADvBadXxruRBLzYTpT36CKvDb3+aBEFg=
golang.org/x/crypto v0.47.0 h1:V6e3FRj+n4dbpw86FJ8Fv7XVOql7TEwpHapKoMJ/GO8=
golang.org/x/crypto v0.47.0/go.mod h1:ff3Y9VzzKbwSSEzWqJsJVBnWmRwRSHt/6Op5n9bQc4A=
golang.org/x/mod v0.32.0 h1:9F4d3PHLljb6x//jOyokMv3eX+YDeepZSEo3mFJy93c=
golang.org/x/mod v0.32.0/go.mod h1:SgipZ/3h2Ci89DlEtEXWUk/HteuRin+HHhN+WbNhguU=
golang.org/x/net v0.49.0 h1:eeHFmOGUTtaaPSGNmjBKpbng9MulQsJURQUAfUwY++o=
golang.org/x/net v0.49.0/go.mod h1:/ysNB2EvaqvesRkuLAyjI1ycPZlQHM3q01F02UY/MV8=
golang.org/x/oauth2 v0.30.0 h1:dnDm7JmhM45NNpd8FDDeLhK6FwqbOf4MLCM9zb1BOHI=
golang.org/x/oauth2 v0.30.0/go.mod h1:B++QgG3ZKulg6sRPGD/mqlHQs5rB3Ml9erfeDY7xKlU=
golang.org/x/sync v0.19.0 h1:vV+1eWNmZ5geRlYjzm2adRgW2/mcpevXNg50YZtPCE4=
golang.org/x/sync v0.19.0/go.mod h1:9KTHXmSnoGruLpwFjVSX0lNNA75CykiMECbovNTZqGI=
golang.org/x/sys v0.0.0-20190916202348-b4ddaad3f8a3/go.mod h1:h1NjWce9XRLGQEsW7wpKNCjG9DtNlClVuFLEZdDNbEs=
golang.org/x/sys v0.0.0-20220715151400-c0bba94af5f8/go.mod h1:oPkhp1MJrh7nUepCBck5+mAzfO9JrbApNNgaTdGDITg=
golang.org/x/sys v0.1.0/go.mod h1:oPkhp1MJrh7nUepCBck5+mAzfO9JrbApNNgaTdGDITg=
golang.org/x/sys v0.40.0 h1:DBZZqJ2Rkml6QMQsZywtnjnnGvHza6BTfYFWY9kjEWQ=
golang.org/x/sys v0.40.0/go.mod h1:OgkHotnGiDImocRcuBABYBEXf8A9a87e/uXjp9XT3ks=
golang.org/x/text v0.33.0 h1:B3njUFyqtHDUI5jMn1YIr5B0IE2U0qck04r6d4KPAxE=
golang.org/x/text v0.33.0/go.mod h1:LuMebE6+rBincTi9+xWTY8TztLzKHc/9C1uBCG27+q8=
golang.org/x/time v0.11.0 h1:/bpjEDfN9tkoN/ryeYHnv5hcMlc8ncjMcM4XBk5NWV0=
golang.org/x/time v0.11.0/go.mod h1:CDIdPxbZBQxdj6cxyCIdrNogrJKMJ7pr37NYpMcMDSg=
golang.org/x/tools v0.41.0 h1:a9b8iMweWG+S0OBnlU36rzLp20z1Rp10w+IY2czHTQc=
golang.org/x/tools v0.41.0/go.mod h1:XSY6eDqxVNiYgezAVqqCeihT4j1U2CCsqvH3WhQpnlg=
golang.org/x/xerrors v0.0.0-20191204190536-9bdfabe68543/go.mod h1:I/5z698sn9Ka8TeJc9MKroUUfqBBauWjQqLJ2OPfmY0=
google.golang.org/api v0.233.0 h1:iGZfjXAJiUFSSaekVB7LzXl6tRfEKhUN7FkZN++07tI=
google.golang.org/api v0.233.0/go.mod h1:TCIVLLlcwunlMpZIhIp7Ltk77W+vUSdUKAAIlbxY44c=
google.golang.org/genproto v0.0.0-20250512202823-5a2f75b736a9 h1:0DnDgelxbooHLt0nyiPeCP0zrH/RL+UG558i1oNU1xE=
google.golang.org/genproto/googleapis/api v0.0.0-20250505200425-f936aa4a68b2 h1:vPV0tzlsK6EzEDHNNH5sa7Hs9bd7iXR7B1tSiPepkV0=
google.golang.org/genproto/googleapis/api v0.0.0-20250505200425-f936aa4a68b2/go.mod h1:pKLAc5OolXC3ViWGI62vvC0n10CpwAtRcTNCFwTKBEw=
google.golang.org/genproto/googleapis/rpc v0.0.0-20250505200425-f936aa4a68b2 h1:IqsN8hx+lWLqlN+Sc3DoMy/watjofWiU8sRFgQ8fhKM=
google.golang.org/genproto/googleapis/rpc v0.0.0-20250505200425-f936aa4a68b2/go.mod h1:qQ0YXyHHx3XkvlzUtpXDkS29lDSafHMZBAZDc03LQ3A=
google.golang.org/grpc v1.72.0 h1:S7UkcVa60b5AAQTaO6ZKamFp1zMZSU0fGDK2WZLbBnM=
google.golang.org/grpc v1.72.0/go.mod h1:wH5Aktxcg25y1I3w7H69nHfXdOG3UiadoBtjh3izSDM=
google.golang.org/protobuf v1.36.6 h1:z1NpPI8ku2WgiWnf+t9wTPsn6eP1L7ksHUlkfLvd9xY=
google.golang.org/protobuf v1.36.6/go.mod h1:jduwjTPXsFjZGTmRluh+L6NjiWu7pchiJ2/5YcXBHnY=
gopkg.in/check.v1 v0.0.0-20161208181325-20d25e280405/go.mod h1:Co6ibVJAznAaIkqp8huTwlJQCZ016jof/cbN4VW5Yz0=
gopkg.in/check.v1 v1.0.0-20201130134442-10cb98267c6c h1:Hei/4ADfdWqJk1ZMxUNpqntNwaWcugrBjAiHlqqRiVk=
gopkg.in/check.v1 v1.0.0-20201130134442-10cb98267c6c/go.mod h1:JHkPIbrfpd72SG/EVd6muEfDQjcINNoR0C8j2r3qZ4Q=
gopkg.in/ini.v1 v1.67.0 h1:Dgnx+6+nfE+IfzjUEISNeydPJh9AXNNsWbGP9KzCsOA=
gopkg.in/ini.v1 v1.67.0/go.mod h1:pNLf8WUiyNEtQjuu5G5vTm06TEv9tsIgeAvK8hOrP4k=
gopkg.in/yaml.v2 v2.4.0 h1:D8xgwECY7CYvx+Y2n4sBz93Jn9JRvxdiyyo8CTfuKaY=
gopkg.in/yaml.v2 v2.4.0/go.mod h1:RDklbk79AGWmwhnvt/jBztapEOGDOx6ZbXqjP6csGnQ=
gopkg.in/yaml.v3 v3.0.0-20200313102051-9f266ea9e77c/go.mod h1:K4uyk7z7BCEPqu6E+C64Yfv1cQ7kz7rIZviUmN+EgEM=
gopkg.in/yaml.v3 v3.0.1 h1:fxVm/GzAzEWqLHuvctI91KS9hhNmmWOoWu0XTYJS7CA=
gopkg.in/yaml.v3 v3.0.1/go.mod h1:K4uyk7z7BCEPqu6E+C64Yfv1cQ7kz7rIZviUmN+EgEM=
mvdan.cc/gofumpt v0.9.2 h1:zsEMWL8SVKGHNztrx6uZrXdp7AX8r421Vvp23sz7ik4=
mvdan.cc/gofumpt v0.9.2/go.mod h1:iB7Hn+ai8lPvofHd9ZFGVg2GOr8sBUw1QUWjNbmIL/s=
